<?xml version="1.0" encoding="utf-8"?>
<Project ToolsVersion="4.0" xmlns="http://schemas.microsoft.com/developer/msbuild/2003">
  <ItemGroup>
    <Filter Include="Source Files">
      <UniqueIdentifier>{4FC737F1-C7A5-4376-A066-2A32D752A2FF}</UniqueIdentifier>
      <Extensions>cpp;c;cc;cxx;def;odl;idl;hpj;bat;asm;asmx</Extensions>
    </Filter>
    <Filter Include="Header Files">
      <UniqueIdentifier>{93995380-89BD-4b04-88EB-625FBE52EBFB}</UniqueIdentifier>
      <Extensions>h;hpp;hxx;hm;inl;inc;xsd</Extensions>
    </Filter>
    <Filter Include="Resource Files">
      <UniqueIdentifier>{67DA6AB6-F800-4c08-8B7A-83BB121AAD01}</UniqueIdentifier>
      <Extensions>rc;ico;cur;bmp;dlg;rc2;rct;bin;rgs;gif;jpg;jpeg;jpe;resx;tiff;tif;png;wav;mfcribbon-ms</Extensions>
    </Filter>
  </ItemGroup>
  <ItemGroup>
    <None Include="ReadMe.txt" />
    <None Include="..\ASN_Structures\.TAP3.12.asn1.swp" />
    <None Include="..\ASN_Structures\Makefile.am.sample" />
    <None Include="..\ASN_Structures\TAP3.12.asn1" />
    <None Include="TAP3_Loader.def">
      <Filter>Source Files</Filter>
    </None>
  </ItemGroup>
  <ItemGroup>
    <ClInclude Include="stdafx.h">
      <Filter>Header Files</Filter>
    </ClInclude>
    <ClInclude Include="targetver.h">
      <Filter>Header Files</Filter>
    </ClInclude>
    <ClInclude Include="otlv4.h">
      <Filter>Header Files</Filter>
    </ClInclude>
    <ClInclude Include="..\ASN_Structures\AbsoluteAmount.h">
      <Filter>Header Files</Filter>
    </ClInclude>
    <ClInclude Include="..\ASN_Structures\AccessPointNameNI.h">
      <Filter>Header Files</Filter>
    </ClInclude>
    <ClInclude Include="..\ASN_Structures\AccessPointNameOI.h">
      <Filter>Header Files</Filter>
    </ClInclude>
    <ClInclude Include="..\ASN_Structures\AccountingInfo.h">
      <Filter>Header Files</Filter>
    </ClInclude>
    <ClInclude Include="..\ASN_Structures\ActualDeliveryTimeStamp.h">
      <Filter>Header Files</Filter>
    </ClInclude>
    <ClInclude Include="..\ASN_Structures\AddressStringDigits.h">
      <Filter>Header Files</Filter>
    </ClInclude>
    <ClInclude Include="..\ASN_Structures\AdvisedCharge.h">
      <Filter>Header Files</Filter>
    </ClInclude>
    <ClInclude Include="..\ASN_Structures\AdvisedChargeCurrency.h">
      <Filter>Header Files</Filter>
    </ClInclude>
    <ClInclude Include="..\ASN_Structures\AdvisedChargeInformation.h">
      <Filter>Header Files</Filter>
    </ClInclude>
    <ClInclude Include="..\ASN_Structures\AgeOfLocation.h">
      <Filter>Header Files</Filter>
    </ClInclude>
    <ClInclude Include="..\ASN_Structures\AsciiString.h">
      <Filter>Header Files</Filter>
    </ClInclude>
    <ClInclude Include="..\ASN_Structures\asn_application.h">
      <Filter>Header Files</Filter>
    </ClInclude>
    <ClInclude Include="..\ASN_Structures\asn_codecs.h">
      <Filter>Header Files</Filter>
    </ClInclude>
    <ClInclude Include="..\ASN_Structures\asn_codecs_prim.h">
      <Filter>Header Files</Filter>
    </ClInclude>
    <ClInclude Include="..\ASN_Structures\asn_internal.h">
      <Filter>Header Files</Filter>
    </ClInclude>
    <ClInclude Include="..\ASN_Structures\asn_SEQUENCE_OF.h">
      <Filter>Header Files</Filter>
    </ClInclude>
    <ClInclude Include="..\ASN_Structures\asn_SET_OF.h">
      <Filter>Header Files</Filter>
    </ClInclude>
    <ClInclude Include="..\ASN_Structures\asn_system.h">
      <Filter>Header Files</Filter>
    </ClInclude>
    <ClInclude Include="..\ASN_Structures\AuditControlInfo.h">
      <Filter>Header Files</Filter>
    </ClInclude>
    <ClInclude Include="..\ASN_Structures\BasicService.h">
      <Filter>Header Files</Filter>
    </ClInclude>
    <ClInclude Include="..\ASN_Structures\BasicServiceCode.h">
      <Filter>Header Files</Filter>
    </ClInclude>
    <ClInclude Include="..\ASN_Structures\BasicServiceCodeList.h">
      <Filter>Header Files</Filter>
    </ClInclude>
    <ClInclude Include="..\ASN_Structures\BasicServiceUsed.h">
      <Filter>Header Files</Filter>
    </ClInclude>
    <ClInclude Include="..\ASN_Structures\BasicServiceUsedList.h">
      <Filter>Header Files</Filter>
    </ClInclude>
    <ClInclude Include="..\ASN_Structures\BatchControlInfo.h">
      <Filter>Header Files</Filter>
    </ClInclude>
    <ClInclude Include="..\ASN_Structures\BCDString.h">
      <Filter>Header Files</Filter>
    </ClInclude>
    <ClInclude Include="..\ASN_Structures\BearerServiceCode.h">
      <Filter>Header Files</Filter>
    </ClInclude>
    <ClInclude Include="..\ASN_Structures\ber_decoder.h">
      <Filter>Header Files</Filter>
    </ClInclude>
    <ClInclude Include="..\ASN_Structures\ber_tlv_length.h">
      <Filter>Header Files</Filter>
    </ClInclude>
    <ClInclude Include="..\ASN_Structures\ber_tlv_tag.h">
      <Filter>Header Files</Filter>
    </ClInclude>
    <ClInclude Include="..\ASN_Structures\Bid.h">
      <Filter>Header Files</Filter>
    </ClInclude>
    <ClInclude Include="..\ASN_Structures\BIT_STRING.h">
      <Filter>Header Files</Filter>
    </ClInclude>
    <ClInclude Include="..\ASN_Structures\CalledNumber.h">
      <Filter>Header Files</Filter>
    </ClInclude>
    <ClInclude Include="..\ASN_Structures\CalledPlace.h">
      <Filter>Header Files</Filter>
    </ClInclude>
    <ClInclude Include="..\ASN_Structures\CalledRegion.h">
      <Filter>Header Files</Filter>
    </ClInclude>
    <ClInclude Include="..\ASN_Structures\CallEventDetail.h">
      <Filter>Header Files</Filter>
    </ClInclude>
    <ClInclude Include="..\ASN_Structures\CallEventDetailList.h">
      <Filter>Header Files</Filter>
    </ClInclude>
    <ClInclude Include="..\ASN_Structures\CallEventDetailsCount.h">
      <Filter>Header Files</Filter>
    </ClInclude>
    <ClInclude Include="..\ASN_Structures\CallEventStartTimeStamp.h">
      <Filter>Header Files</Filter>
    </ClInclude>
    <ClInclude Include="..\ASN_Structures\CallingNumber.h">
      <Filter>Header Files</Filter>
    </ClInclude>
    <ClInclude Include="..\ASN_Structures\CallOriginator.h">
      <Filter>Header Files</Filter>
    </ClInclude>
    <ClInclude Include="..\ASN_Structures\CallReference.h">
      <Filter>Header Files</Filter>
    </ClInclude>
    <ClInclude Include="..\ASN_Structures\CallTypeGroup.h">
      <Filter>Header Files</Filter>
    </ClInclude>
    <ClInclude Include="..\ASN_Structures\CallTypeLevel1.h">
      <Filter>Header Files</Filter>
    </ClInclude>
    <ClInclude Include="..\ASN_Structures\CallTypeLevel2.h">
      <Filter>Header Files</Filter>
    </ClInclude>
    <ClInclude Include="..\ASN_Structures\CallTypeLevel3.h">
      <Filter>Header Files</Filter>
    </ClInclude>
    <ClInclude Include="..\ASN_Structures\CamelDestinationNumber.h">
      <Filter>Header Files</Filter>
    </ClInclude>
    <ClInclude Include="..\ASN_Structures\CamelInvocationFee.h">
      <Filter>Header Files</Filter>
    </ClInclude>
    <ClInclude Include="..\ASN_Structures\CamelServiceKey.h">
      <Filter>Header Files</Filter>
    </ClInclude>
    <ClInclude Include="..\ASN_Structures\CamelServiceLevel.h">
      <Filter>Header Files</Filter>
    </ClInclude>
    <ClInclude Include="..\ASN_Structures\CamelServiceUsed.h">
      <Filter>Header Files</Filter>
    </ClInclude>
    <ClInclude Include="..\ASN_Structures\CauseForTerm.h">
      <Filter>Header Files</Filter>
    </ClInclude>
    <ClInclude Include="..\ASN_Structures\CellId.h">
      <Filter>Header Files</Filter>
    </ClInclude>
    <ClInclude Include="..\ASN_Structures\Charge.h">
      <Filter>Header Files</Filter>
    </ClInclude>
    <ClInclude Include="..\ASN_Structures\ChargeableSubscriber.h">
      <Filter>Header Files</Filter>
    </ClInclude>
    <ClInclude Include="..\ASN_Structures\ChargeableUnits.h">
      <Filter>Header Files</Filter>
    </ClInclude>
    <ClInclude Include="..\ASN_Structures\ChargeDetail.h">
      <Filter>Header Files</Filter>
    </ClInclude>
    <ClInclude Include="..\ASN_Structures\ChargeDetailList.h">
      <Filter>Header Files</Filter>
    </ClInclude>
    <ClInclude Include="..\ASN_Structures\ChargeDetailTimeStamp.h">
      <Filter>Header Files</Filter>
    </ClInclude>
    <ClInclude Include="..\ASN_Structures\ChargedItem.h">
      <Filter>Header Files</Filter>
    </ClInclude>
    <ClInclude Include="..\ASN_Structures\ChargedParty.h">
      <Filter>Header Files</Filter>
    </ClInclude>
    <ClInclude Include="..\ASN_Structures\ChargedPartyEquipment.h">
      <Filter>Header Files</Filter>
    </ClInclude>
    <ClInclude Include="..\ASN_Structures\ChargedPartyHomeIdentification.h">
      <Filter>Header Files</Filter>
    </ClInclude>
    <ClInclude Include="..\ASN_Structures\ChargedPartyHomeIdList.h">
      <Filter>Header Files</Filter>
    </ClInclude>
    <ClInclude Include="..\ASN_Structures\ChargedPartyIdentification.h">
      <Filter>Header Files</Filter>
    </ClInclude>
    <ClInclude Include="..\ASN_Structures\ChargedPartyIdentifier.h">
      <Filter>Header Files</Filter>
    </ClInclude>
    <ClInclude Include="..\ASN_Structures\ChargedPartyIdList.h">
      <Filter>Header Files</Filter>
    </ClInclude>
    <ClInclude Include="..\ASN_Structures\ChargedPartyIdType.h">
      <Filter>Header Files</Filter>
    </ClInclude>
    <ClInclude Include="..\ASN_Structures\ChargedPartyInformation.h">
      <Filter>Header Files</Filter>
    </ClInclude>
    <ClInclude Include="..\ASN_Structures\ChargedPartyLocation.h">
      <Filter>Header Files</Filter>
    </ClInclude>
    <ClInclude Include="..\ASN_Structures\ChargedPartyLocationList.h">
      <Filter>Header Files</Filter>
    </ClInclude>
    <ClInclude Include="..\ASN_Structures\ChargedPartyStatus.h">
      <Filter>Header Files</Filter>
    </ClInclude>
    <ClInclude Include="..\ASN_Structures\ChargedUnits.h">
      <Filter>Header Files</Filter>
    </ClInclude>
    <ClInclude Include="..\ASN_Structures\ChargeInformation.h">
      <Filter>Header Files</Filter>
    </ClInclude>
    <ClInclude Include="..\ASN_Structures\ChargeInformationList.h">
      <Filter>Header Files</Filter>
    </ClInclude>
    <ClInclude Include="..\ASN_Structures\ChargeRefundIndicator.h">
      <Filter>Header Files</Filter>
    </ClInclude>
    <ClInclude Include="..\ASN_Structures\ChargeType.h">
      <Filter>Header Files</Filter>
    </ClInclude>
    <ClInclude Include="..\ASN_Structures\ChargingId.h">
      <Filter>Header Files</Filter>
    </ClInclude>
    <ClInclude Include="..\ASN_Structures\ChargingPoint.h">
      <Filter>Header Files</Filter>
    </ClInclude>
    <ClInclude Include="..\ASN_Structures\ChargingTimeStamp.h">
      <Filter>Header Files</Filter>
    </ClInclude>
    <ClInclude Include="..\ASN_Structures\ClirIndicator.h">
      <Filter>Header Files</Filter>
    </ClInclude>
    <ClInclude Include="..\ASN_Structures\Code.h">
      <Filter>Header Files</Filter>
    </ClInclude>
    <ClInclude Include="..\ASN_Structures\Commission.h">
      <Filter>Header Files</Filter>
    </ClInclude>
    <ClInclude Include="..\ASN_Structures\CompletionTimeStamp.h">
      <Filter>Header Files</Filter>
    </ClInclude>
    <ClInclude Include="..\ASN_Structures\constr_CHOICE.h">
      <Filter>Header Files</Filter>
    </ClInclude>
    <ClInclude Include="..\ASN_Structures\constr_SEQUENCE.h">
      <Filter>Header Files</Filter>
    </ClInclude>
    <ClInclude Include="..\ASN_Structures\constr_SEQUENCE_OF.h">
      <Filter>Header Files</Filter>
    </ClInclude>
    <ClInclude Include="..\ASN_Structures\constr_SET_OF.h">
      <Filter>Header Files</Filter>
    </ClInclude>
    <ClInclude Include="..\ASN_Structures\constr_TYPE.h">
      <Filter>Header Files</Filter>
    </ClInclude>
    <ClInclude Include="..\ASN_Structures\constraints.h">
      <Filter>Header Files</Filter>
    </ClInclude>
    <ClInclude Include="..\ASN_Structures\ContentChargingPoint.h">
      <Filter>Header Files</Filter>
    </ClInclude>
    <ClInclude Include="..\ASN_Structures\ContentProvider.h">
      <Filter>Header Files</Filter>
    </ClInclude>
    <ClInclude Include="..\ASN_Structures\ContentProviderIdentifier.h">
      <Filter>Header Files</Filter>
    </ClInclude>
    <ClInclude Include="..\ASN_Structures\ContentProviderIdList.h">
      <Filter>Header Files</Filter>
    </ClInclude>
    <ClInclude Include="..\ASN_Structures\ContentProviderIdType.h">
      <Filter>Header Files</Filter>
    </ClInclude>
    <ClInclude Include="..\ASN_Structures\ContentProviderName.h">
      <Filter>Header Files</Filter>
    </ClInclude>
    <ClInclude Include="..\ASN_Structures\ContentServiceUsed.h">
      <Filter>Header Files</Filter>
    </ClInclude>
    <ClInclude Include="..\ASN_Structures\ContentServiceUsedList.h">
      <Filter>Header Files</Filter>
    </ClInclude>
    <ClInclude Include="..\ASN_Structures\ContentTransaction.h">
      <Filter>Header Files</Filter>
    </ClInclude>
    <ClInclude Include="..\ASN_Structures\ContentTransactionBasicInfo.h">
      <Filter>Header Files</Filter>
    </ClInclude>
    <ClInclude Include="..\ASN_Structures\ContentTransactionCode.h">
      <Filter>Header Files</Filter>
    </ClInclude>
    <ClInclude Include="..\ASN_Structures\ContentTransactionType.h">
      <Filter>Header Files</Filter>
    </ClInclude>
    <ClInclude Include="..\ASN_Structures\CseInformation.h">
      <Filter>Header Files</Filter>
    </ClInclude>
    <ClInclude Include="..\ASN_Structures\Currency.h">
      <Filter>Header Files</Filter>
    </ClInclude>
    <ClInclude Include="..\ASN_Structures\CurrencyConversion.h">
      <Filter>Header Files</Filter>
    </ClInclude>
    <ClInclude Include="..\ASN_Structures\CurrencyConversionList.h">
      <Filter>Header Files</Filter>
    </ClInclude>
    <ClInclude Include="..\ASN_Structures\CustomerIdentifier.h">
      <Filter>Header Files</Filter>
    </ClInclude>
    <ClInclude Include="..\ASN_Structures\CustomerIdType.h">
      <Filter>Header Files</Filter>
    </ClInclude>
    <ClInclude Include="..\ASN_Structures\DataInterChange.h">
      <Filter>Header Files</Filter>
    </ClInclude>
    <ClInclude Include="..\ASN_Structures\DataVolume.h">
      <Filter>Header Files</Filter>
    </ClInclude>
    <ClInclude Include="..\ASN_Structures\DataVolumeIncoming.h">
      <Filter>Header Files</Filter>
    </ClInclude>
    <ClInclude Include="..\ASN_Structures\DataVolumeOutgoing.h">
      <Filter>Header Files</Filter>
    </ClInclude>
    <ClInclude Include="..\ASN_Structures\DateTime.h">
      <Filter>Header Files</Filter>
    </ClInclude>
    <ClInclude Include="..\ASN_Structures\DateTimeLong.h">
      <Filter>Header Files</Filter>
    </ClInclude>
    <ClInclude Include="..\ASN_Structures\DefaultCallHandlingIndicator.h">
      <Filter>Header Files</Filter>
    </ClInclude>
    <ClInclude Include="..\ASN_Structures\DepositTimeStamp.h">
      <Filter>Header Files</Filter>
    </ClInclude>
    <ClInclude Include="..\ASN_Structures\der_encoder.h">
      <Filter>Header Files</Filter>
    </ClInclude>
    <ClInclude Include="..\ASN_Structures\Destination.h">
      <Filter>Header Files</Filter>
    </ClInclude>
    <ClInclude Include="..\ASN_Structures\DestinationNetwork.h">
      <Filter>Header Files</Filter>
    </ClInclude>
    <ClInclude Include="..\ASN_Structures\DialledDigits.h">
      <Filter>Header Files</Filter>
    </ClInclude>
    <ClInclude Include="..\ASN_Structures\Discount.h">
      <Filter>Header Files</Filter>
    </ClInclude>
    <ClInclude Include="..\ASN_Structures\DiscountableAmount.h">
      <Filter>Header Files</Filter>
    </ClInclude>
    <ClInclude Include="..\ASN_Structures\DiscountApplied.h">
      <Filter>Header Files</Filter>
    </ClInclude>
    <ClInclude Include="..\ASN_Structures\DiscountCode.h">
      <Filter>Header Files</Filter>
    </ClInclude>
    <ClInclude Include="..\ASN_Structures\DiscountInformation.h">
      <Filter>Header Files</Filter>
    </ClInclude>
    <ClInclude Include="..\ASN_Structures\Discounting.h">
      <Filter>Header Files</Filter>
    </ClInclude>
    <ClInclude Include="..\ASN_Structures\DiscountingList.h">
      <Filter>Header Files</Filter>
    </ClInclude>
    <ClInclude Include="..\ASN_Structures\DiscountRate.h">
      <Filter>Header Files</Filter>
    </ClInclude>
    <ClInclude Include="..\ASN_Structures\DiscountValue.h">
      <Filter>Header Files</Filter>
    </ClInclude>
    <ClInclude Include="..\ASN_Structures\DistanceChargeBandCode.h">
      <Filter>Header Files</Filter>
    </ClInclude>
    <ClInclude Include="..\ASN_Structures\EarliestCallTimeStamp.h">
      <Filter>Header Files</Filter>
    </ClInclude>
    <ClInclude Include="..\ASN_Structures\ElementId.h">
      <Filter>Header Files</Filter>
    </ClInclude>
    <ClInclude Include="..\ASN_Structures\ElementType.h">
      <Filter>Header Files</Filter>
    </ClInclude>
    <ClInclude Include="..\ASN_Structures\EquipmentId.h">
      <Filter>Header Files</Filter>
    </ClInclude>
    <ClInclude Include="..\ASN_Structures\EquipmentIdType.h">
      <Filter>Header Files</Filter>
    </ClInclude>
    <ClInclude Include="..\ASN_Structures\Esn.h">
      <Filter>Header Files</Filter>
    </ClInclude>
    <ClInclude Include="..\ASN_Structures\EventReference.h">
      <Filter>Header Files</Filter>
    </ClInclude>
    <ClInclude Include="..\ASN_Structures\ExchangeRate.h">
      <Filter>Header Files</Filter>
    </ClInclude>
    <ClInclude Include="..\ASN_Structures\ExchangeRateCode.h">
      <Filter>Header Files</Filter>
    </ClInclude>
    <ClInclude Include="..\ASN_Structures\FileAvailableTimeStamp.h">
      <Filter>Header Files</Filter>
    </ClInclude>
    <ClInclude Include="..\ASN_Structures\FileCreationTimeStamp.h">
      <Filter>Header Files</Filter>
    </ClInclude>
    <ClInclude Include="..\ASN_Structures\FileSequenceNumber.h">
      <Filter>Header Files</Filter>
    </ClInclude>
    <ClInclude Include="..\ASN_Structures\FileTypeIndicator.h">
      <Filter>Header Files</Filter>
    </ClInclude>
    <ClInclude Include="..\ASN_Structures\FixedDiscountValue.h">
      <Filter>Header Files</Filter>
    </ClInclude>
    <ClInclude Include="..\ASN_Structures\Fnur.h">
      <Filter>Header Files</Filter>
    </ClInclude>
    <ClInclude Include="..\ASN_Structures\GeographicalLocation.h">
      <Filter>Header Files</Filter>
    </ClInclude>
    <ClInclude Include="..\ASN_Structures\GprsBasicCallInformation.h">
      <Filter>Header Files</Filter>
    </ClInclude>
    <ClInclude Include="..\ASN_Structures\GprsCall.h">
      <Filter>Header Files</Filter>
    </ClInclude>
    <ClInclude Include="..\ASN_Structures\GprsChargeableSubscriber.h">
      <Filter>Header Files</Filter>
    </ClInclude>
    <ClInclude Include="..\ASN_Structures\GprsDestination.h">
      <Filter>Header Files</Filter>
    </ClInclude>
    <ClInclude Include="..\ASN_Structures\GprsLocationInformation.h">
      <Filter>Header Files</Filter>
    </ClInclude>
    <ClInclude Include="..\ASN_Structures\GprsNetworkLocation.h">
      <Filter>Header Files</Filter>
    </ClInclude>
    <ClInclude Include="..\ASN_Structures\GprsServiceUsed.h">
      <Filter>Header Files</Filter>
    </ClInclude>
    <ClInclude Include="..\ASN_Structures\GsmChargeableSubscriber.h">
      <Filter>Header Files</Filter>
    </ClInclude>
    <ClInclude Include="..\ASN_Structures\GuaranteedBitRate.h">
      <Filter>Header Files</Filter>
    </ClInclude>
    <ClInclude Include="..\ASN_Structures\HexString.h">
      <Filter>Header Files</Filter>
    </ClInclude>
    <ClInclude Include="..\ASN_Structures\HomeBid.h">
      <Filter>Header Files</Filter>
    </ClInclude>
    <ClInclude Include="..\ASN_Structures\HomeIdentifier.h">
      <Filter>Header Files</Filter>
    </ClInclude>
    <ClInclude Include="..\ASN_Structures\HomeIdType.h">
      <Filter>Header Files</Filter>
    </ClInclude>
    <ClInclude Include="..\ASN_Structures\HomeLocationDescription.h">
      <Filter>Header Files</Filter>
    </ClInclude>
    <ClInclude Include="..\ASN_Structures\HomeLocationInformation.h">
      <Filter>Header Files</Filter>
    </ClInclude>
    <ClInclude Include="..\ASN_Structures\HorizontalAccuracyDelivered.h">
      <Filter>Header Files</Filter>
    </ClInclude>
    <ClInclude Include="..\ASN_Structures\HorizontalAccuracyRequested.h">
      <Filter>Header Files</Filter>
    </ClInclude>
    <ClInclude Include="..\ASN_Structures\HSCSDIndicator.h">
      <Filter>Header Files</Filter>
    </ClInclude>
    <ClInclude Include="..\ASN_Structures\Imei.h">
      <Filter>Header Files</Filter>
    </ClInclude>
    <ClInclude Include="..\ASN_Structures\ImeiOrEsn.h">
      <Filter>Header Files</Filter>
    </ClInclude>
    <ClInclude Include="..\ASN_Structures\Imsi.h">
      <Filter>Header Files</Filter>
    </ClInclude>
    <ClInclude Include="..\ASN_Structures\IMSSignallingContext.h">
      <Filter>Header Files</Filter>
    </ClInclude>
    <ClInclude Include="..\ASN_Structures\INTEGER.h">
      <Filter>Header Files</Filter>
    </ClInclude>
    <ClInclude Include="..\ASN_Structures\InternetServiceProvider.h">
      <Filter>Header Files</Filter>
    </ClInclude>
    <ClInclude Include="..\ASN_Structures\InternetServiceProviderIdList.h">
      <Filter>Header Files</Filter>
    </ClInclude>
    <ClInclude Include="..\ASN_Structures\IspIdentifier.h">
      <Filter>Header Files</Filter>
    </ClInclude>
    <ClInclude Include="..\ASN_Structures\IspIdType.h">
      <Filter>Header Files</Filter>
    </ClInclude>
    <ClInclude Include="..\ASN_Structures\ISPList.h">
      <Filter>Header Files</Filter>
    </ClInclude>
    <ClInclude Include="..\ASN_Structures\LatestCallTimeStamp.h">
      <Filter>Header Files</Filter>
    </ClInclude>
    <ClInclude Include="..\ASN_Structures\LCSQosDelivered.h">
      <Filter>Header Files</Filter>
    </ClInclude>
    <ClInclude Include="..\ASN_Structures\LCSQosRequested.h">
      <Filter>Header Files</Filter>
    </ClInclude>
    <ClInclude Include="..\ASN_Structures\LCSRequestTimestamp.h">
      <Filter>Header Files</Filter>
    </ClInclude>
    <ClInclude Include="..\ASN_Structures\LCSSPIdentification.h">
      <Filter>Header Files</Filter>
    </ClInclude>
    <ClInclude Include="..\ASN_Structures\LCSSPIdentificationList.h">
      <Filter>Header Files</Filter>
    </ClInclude>
    <ClInclude Include="..\ASN_Structures\LCSSPInformation.h">
      <Filter>Header Files</Filter>
    </ClInclude>
    <ClInclude Include="..\ASN_Structures\LCSTransactionStatus.h">
      <Filter>Header Files</Filter>
    </ClInclude>
    <ClInclude Include="..\ASN_Structures\LocalCurrency.h">
      <Filter>Header Files</Filter>
    </ClInclude>
    <ClInclude Include="..\ASN_Structures\LocalTimeStamp.h">
      <Filter>Header Files</Filter>
    </ClInclude>
    <ClInclude Include="..\ASN_Structures\LocationArea.h">
      <Filter>Header Files</Filter>
    </ClInclude>
    <ClInclude Include="..\ASN_Structures\LocationDescription.h">
      <Filter>Header Files</Filter>
    </ClInclude>
    <ClInclude Include="..\ASN_Structures\LocationIdentifier.h">
      <Filter>Header Files</Filter>
    </ClInclude>
    <ClInclude Include="..\ASN_Structures\LocationIdType.h">
      <Filter>Header Files</Filter>
    </ClInclude>
    <ClInclude Include="..\ASN_Structures\LocationInformation.h">
      <Filter>Header Files</Filter>
    </ClInclude>
    <ClInclude Include="..\ASN_Structures\LocationService.h">
      <Filter>Header Files</Filter>
    </ClInclude>
    <ClInclude Include="..\ASN_Structures\LocationServiceUsage.h">
      <Filter>Header Files</Filter>
    </ClInclude>
    <ClInclude Include="..\ASN_Structures\MaximumBitRate.h">
      <Filter>Header Files</Filter>
    </ClInclude>
    <ClInclude Include="..\ASN_Structures\Mdn.h">
      <Filter>Header Files</Filter>
    </ClInclude>
    <ClInclude Include="..\ASN_Structures\MessageDescription.h">
      <Filter>Header Files</Filter>
    </ClInclude>
    <ClInclude Include="..\ASN_Structures\MessageDescriptionCode.h">
      <Filter>Header Files</Filter>
    </ClInclude>
    <ClInclude Include="..\ASN_Structures\MessageDescriptionInfoList.h">
      <Filter>Header Files</Filter>
    </ClInclude>
    <ClInclude Include="..\ASN_Structures\MessageDescriptionInformation.h">
      <Filter>Header Files</Filter>
    </ClInclude>
    <ClInclude Include="..\ASN_Structures\MessageStatus.h">
      <Filter>Header Files</Filter>
    </ClInclude>
    <ClInclude Include="..\ASN_Structures\MessageType.h">
      <Filter>Header Files</Filter>
    </ClInclude>
    <ClInclude Include="..\ASN_Structures\MessagingEvent.h">
      <Filter>Header Files</Filter>
    </ClInclude>
    <ClInclude Include="..\ASN_Structures\MessagingEventService.h">
      <Filter>Header Files</Filter>
    </ClInclude>
    <ClInclude Include="..\ASN_Structures\Min.h">
      <Filter>Header Files</Filter>
    </ClInclude>
    <ClInclude Include="..\ASN_Structures\MinChargeableSubscriber.h">
      <Filter>Header Files</Filter>
    </ClInclude>
    <ClInclude Include="..\ASN_Structures\MoBasicCallInformation.h">
      <Filter>Header Files</Filter>
    </ClInclude>
    <ClInclude Include="..\ASN_Structures\MobileOriginatedCall.h">
      <Filter>Header Files</Filter>
    </ClInclude>
    <ClInclude Include="..\ASN_Structures\MobileSession.h">
      <Filter>Header Files</Filter>
    </ClInclude>
    <ClInclude Include="..\ASN_Structures\MobileSessionService.h">
      <Filter>Header Files</Filter>
    </ClInclude>
    <ClInclude Include="..\ASN_Structures\MobileTerminatedCall.h">
      <Filter>Header Files</Filter>
    </ClInclude>
    <ClInclude Include="..\ASN_Structures\Msisdn.h">
      <Filter>Header Files</Filter>
    </ClInclude>
    <ClInclude Include="..\ASN_Structures\MtBasicCallInformation.h">
      <Filter>Header Files</Filter>
    </ClInclude>
    <ClInclude Include="..\ASN_Structures\NativeEnumerated.h">
      <Filter>Header Files</Filter>
    </ClInclude>
    <ClInclude Include="..\ASN_Structures\NativeInteger.h">
      <Filter>Header Files</Filter>
    </ClInclude>
    <ClInclude Include="..\ASN_Structures\Network.h">
      <Filter>Header Files</Filter>
    </ClInclude>
    <ClInclude Include="..\ASN_Structures\NetworkAccessIdentifier.h">
      <Filter>Header Files</Filter>
    </ClInclude>
    <ClInclude Include="..\ASN_Structures\NetworkElement.h">
      <Filter>Header Files</Filter>
    </ClInclude>
    <ClInclude Include="..\ASN_Structures\NetworkElementList.h">
      <Filter>Header Files</Filter>
    </ClInclude>
    <ClInclude Include="..\ASN_Structures\NetworkId.h">
      <Filter>Header Files</Filter>
    </ClInclude>
    <ClInclude Include="..\ASN_Structures\NetworkIdentifier.h">
      <Filter>Header Files</Filter>
    </ClInclude>
    <ClInclude Include="..\ASN_Structures\NetworkIdType.h">
      <Filter>Header Files</Filter>
    </ClInclude>
    <ClInclude Include="..\ASN_Structures\NetworkInfo.h">
      <Filter>Header Files</Filter>
    </ClInclude>
    <ClInclude Include="..\ASN_Structures\NetworkInitPDPContext.h">
      <Filter>Header Files</Filter>
    </ClInclude>
    <ClInclude Include="..\ASN_Structures\NetworkList.h">
      <Filter>Header Files</Filter>
    </ClInclude>
    <ClInclude Include="..\ASN_Structures\NetworkLocation.h">
      <Filter>Header Files</Filter>
    </ClInclude>
    <ClInclude Include="..\ASN_Structures\NonChargedNumber.h">
      <Filter>Header Files</Filter>
    </ClInclude>
    <ClInclude Include="..\ASN_Structures\NonChargedParty.h">
      <Filter>Header Files</Filter>
    </ClInclude>
    <ClInclude Include="..\ASN_Structures\NonChargedPartyNumber.h">
      <Filter>Header Files</Filter>
    </ClInclude>
    <ClInclude Include="..\ASN_Structures\NonChargedPublicUserId.h">
      <Filter>Header Files</Filter>
    </ClInclude>
    <ClInclude Include="..\ASN_Structures\Notification.h">
      <Filter>Header Files</Filter>
    </ClInclude>
    <ClInclude Include="..\ASN_Structures\NumberOfDecimalPlaces.h">
      <Filter>Header Files</Filter>
    </ClInclude>
    <ClInclude Include="..\ASN_Structures\NumberString.h">
      <Filter>Header Files</Filter>
    </ClInclude>
    <ClInclude Include="..\ASN_Structures\ObjectType.h">
      <Filter>Header Files</Filter>
    </ClInclude>
    <ClInclude Include="..\ASN_Structures\OCTET_STRING.h">
      <Filter>Header Files</Filter>
    </ClInclude>
    <ClInclude Include="..\ASN_Structures\OperatorSpecInfoList.h">
      <Filter>Header Files</Filter>
    </ClInclude>
    <ClInclude Include="..\ASN_Structures\OperatorSpecInformation.h">
      <Filter>Header Files</Filter>
    </ClInclude>
    <ClInclude Include="..\ASN_Structures\OrderPlacedTimeStamp.h">
      <Filter>Header Files</Filter>
    </ClInclude>
    <ClInclude Include="..\ASN_Structures\OriginatingNetwork.h">
      <Filter>Header Files</Filter>
    </ClInclude>
    <ClInclude Include="..\ASN_Structures\PacketDataProtocolAddress.h">
      <Filter>Header Files</Filter>
    </ClInclude>
    <ClInclude Include="..\ASN_Structures\PaidIndicator.h">
      <Filter>Header Files</Filter>
    </ClInclude>
    <ClInclude Include="..\ASN_Structures\PartialTypeIndicator.h">
      <Filter>Header Files</Filter>
    </ClInclude>
    <ClInclude Include="..\ASN_Structures\PaymentMethod.h">
      <Filter>Header Files</Filter>
    </ClInclude>
    <ClInclude Include="..\ASN_Structures\PdpAddress.h">
      <Filter>Header Files</Filter>
    </ClInclude>
    <ClInclude Include="..\ASN_Structures\PDPContextStartTimestamp.h">
      <Filter>Header Files</Filter>
    </ClInclude>
    <ClInclude Include="..\ASN_Structures\per_decoder.h">
      <Filter>Header Files</Filter>
    </ClInclude>
    <ClInclude Include="..\ASN_Structures\per_encoder.h">
      <Filter>Header Files</Filter>
    </ClInclude>
    <ClInclude Include="..\ASN_Structures\per_opentype.h">
      <Filter>Header Files</Filter>
    </ClInclude>
    <ClInclude Include="..\ASN_Structures\per_support.h">
      <Filter>Header Files</Filter>
    </ClInclude>
    <ClInclude Include="..\ASN_Structures\PercentageRate.h">
      <Filter>Header Files</Filter>
    </ClInclude>
    <ClInclude Include="..\ASN_Structures\PlmnId.h">
      <Filter>Header Files</Filter>
    </ClInclude>
    <ClInclude Include="..\ASN_Structures\PositioningMethod.h">
      <Filter>Header Files</Filter>
    </ClInclude>
    <ClInclude Include="..\ASN_Structures\PriorityCode.h">
      <Filter>Header Files</Filter>
    </ClInclude>
    <ClInclude Include="..\ASN_Structures\PublicUserId.h">
      <Filter>Header Files</Filter>
    </ClInclude>
    <ClInclude Include="..\ASN_Structures\RapFileSequenceNumber.h">
      <Filter>Header Files</Filter>
    </ClInclude>
    <ClInclude Include="..\ASN_Structures\RecEntityCode.h">
      <Filter>Header Files</Filter>
    </ClInclude>
    <ClInclude Include="..\ASN_Structures\RecEntityCodeList.h">
      <Filter>Header Files</Filter>
    </ClInclude>
    <ClInclude Include="..\ASN_Structures\RecEntityId.h">
      <Filter>Header Files</Filter>
    </ClInclude>
    <ClInclude Include="..\ASN_Structures\RecEntityInfoList.h">
      <Filter>Header Files</Filter>
    </ClInclude>
    <ClInclude Include="..\ASN_Structures\RecEntityInformation.h">
      <Filter>Header Files</Filter>
    </ClInclude>
    <ClInclude Include="..\ASN_Structures\RecEntityType.h">
      <Filter>Header Files</Filter>
    </ClInclude>
    <ClInclude Include="..\ASN_Structures\Recipient.h">
      <Filter>Header Files</Filter>
    </ClInclude>
    <ClInclude Include="..\ASN_Structures\ReleaseVersionNumber.h">
      <Filter>Header Files</Filter>
    </ClInclude>
    <ClInclude Include="..\ASN_Structures\RequestedDeliveryTimeStamp.h">
      <Filter>Header Files</Filter>
    </ClInclude>
    <ClInclude Include="..\ASN_Structures\RequestedDestination.h">
      <Filter>Header Files</Filter>
    </ClInclude>
    <ClInclude Include="..\ASN_Structures\RequestedNumber.h">
      <Filter>Header Files</Filter>
    </ClInclude>
    <ClInclude Include="..\ASN_Structures\RequestedPublicUserId.h">
      <Filter>Header Files</Filter>
    </ClInclude>
    <ClInclude Include="..\ASN_Structures\ResponseTime.h">
      <Filter>Header Files</Filter>
    </ClInclude>
    <ClInclude Include="..\ASN_Structures\ResponseTimeCategory.h">
      <Filter>Header Files</Filter>
    </ClInclude>
    <ClInclude Include="..\ASN_Structures\ScuBasicInformation.h">
      <Filter>Header Files</Filter>
    </ClInclude>
    <ClInclude Include="..\ASN_Structures\ScuChargeableSubscriber.h">
      <Filter>Header Files</Filter>
    </ClInclude>
    <ClInclude Include="..\ASN_Structures\ScuChargeType.h">
      <Filter>Header Files</Filter>
    </ClInclude>
    <ClInclude Include="..\ASN_Structures\ScuTimeStamps.h">
      <Filter>Header Files</Filter>
    </ClInclude>
    <ClInclude Include="..\ASN_Structures\Sender.h">
      <Filter>Header Files</Filter>
    </ClInclude>
    <ClInclude Include="..\ASN_Structures\ServiceCentreUsage.h">
      <Filter>Header Files</Filter>
    </ClInclude>
    <ClInclude Include="..\ASN_Structures\ServiceStartTimestamp.h">
      <Filter>Header Files</Filter>
    </ClInclude>
    <ClInclude Include="..\ASN_Structures\ServingBid.h">
      <Filter>Header Files</Filter>
    </ClInclude>
    <ClInclude Include="..\ASN_Structures\ServingLocationDescription.h">
      <Filter>Header Files</Filter>
    </ClInclude>
    <ClInclude Include="..\ASN_Structures\ServingNetwork.h">
      <Filter>Header Files</Filter>
    </ClInclude>
    <ClInclude Include="..\ASN_Structures\ServingPartiesInformation.h">
      <Filter>Header Files</Filter>
    </ClInclude>
    <ClInclude Include="..\ASN_Structures\SessionChargeInfoList.h">
      <Filter>Header Files</Filter>
    </ClInclude>
    <ClInclude Include="..\ASN_Structures\SessionChargeInformation.h">
      <Filter>Header Files</Filter>
    </ClInclude>
    <ClInclude Include="..\ASN_Structures\SimChargeableSubscriber.h">
      <Filter>Header Files</Filter>
    </ClInclude>
    <ClInclude Include="..\ASN_Structures\SimToolkitIndicator.h">
      <Filter>Header Files</Filter>
    </ClInclude>
    <ClInclude Include="..\ASN_Structures\SMSDestinationNumber.h">
      <Filter>Header Files</Filter>
    </ClInclude>
    <ClInclude Include="..\ASN_Structures\SMSOriginator.h">
      <Filter>Header Files</Filter>
    </ClInclude>
    <ClInclude Include="..\ASN_Structures\SpecificationVersionNumber.h">
      <Filter>Header Files</Filter>
    </ClInclude>
    <ClInclude Include="..\ASN_Structures\SsParameters.h">
      <Filter>Header Files</Filter>
    </ClInclude>
    <ClInclude Include="..\ASN_Structures\SupplServiceActionCode.h">
      <Filter>Header Files</Filter>
    </ClInclude>
    <ClInclude Include="..\ASN_Structures\SupplServiceCode.h">
      <Filter>Header Files</Filter>
    </ClInclude>
    <ClInclude Include="..\ASN_Structures\SupplServiceEvent.h">
      <Filter>Header Files</Filter>
    </ClInclude>
    <ClInclude Include="..\ASN_Structures\SupplServiceUsed.h">
      <Filter>Header Files</Filter>
    </ClInclude>
    <ClInclude Include="..\ASN_Structures\TapCurrency.h">
      <Filter>Header Files</Filter>
    </ClInclude>
    <ClInclude Include="..\ASN_Structures\TapDecimalPlaces.h">
      <Filter>Header Files</Filter>
    </ClInclude>
    <ClInclude Include="..\ASN_Structures\TaxableAmount.h">
      <Filter>Header Files</Filter>
    </ClInclude>
    <ClInclude Include="..\ASN_Structures\Taxation.h">
      <Filter>Header Files</Filter>
    </ClInclude>
    <ClInclude Include="..\ASN_Structures\TaxationList.h">
      <Filter>Header Files</Filter>
    </ClInclude>
    <ClInclude Include="..\ASN_Structures\TaxCode.h">
      <Filter>Header Files</Filter>
    </ClInclude>
    <ClInclude Include="..\ASN_Structures\TaxIndicator.h">
      <Filter>Header Files</Filter>
    </ClInclude>
    <ClInclude Include="..\ASN_Structures\TaxInformation.h">
      <Filter>Header Files</Filter>
    </ClInclude>
    <ClInclude Include="..\ASN_Structures\TaxInformationList.h">
      <Filter>Header Files</Filter>
    </ClInclude>
    <ClInclude Include="..\ASN_Structures\TaxRate.h">
      <Filter>Header Files</Filter>
    </ClInclude>
    <ClInclude Include="..\ASN_Structures\TaxType.h">
      <Filter>Header Files</Filter>
    </ClInclude>
    <ClInclude Include="..\ASN_Structures\TaxValue.h">
      <Filter>Header Files</Filter>
    </ClInclude>
    <ClInclude Include="..\ASN_Structures\TeleServiceCode.h">
      <Filter>Header Files</Filter>
    </ClInclude>
    <ClInclude Include="..\ASN_Structures\ThirdPartyInformation.h">
      <Filter>Header Files</Filter>
    </ClInclude>
    <ClInclude Include="..\ASN_Structures\ThirdPartyNumber.h">
      <Filter>Header Files</Filter>
    </ClInclude>
    <ClInclude Include="..\ASN_Structures\ThreeGcamelDestination.h">
      <Filter>Header Files</Filter>
    </ClInclude>
    <ClInclude Include="..\ASN_Structures\TotalAdvisedCharge.h">
      <Filter>Header Files</Filter>
    </ClInclude>
    <ClInclude Include="..\ASN_Structures\TotalAdvisedChargeRefund.h">
      <Filter>Header Files</Filter>
    </ClInclude>
    <ClInclude Include="..\ASN_Structures\TotalAdvisedChargeValue.h">
      <Filter>Header Files</Filter>
    </ClInclude>
    <ClInclude Include="..\ASN_Structures\TotalAdvisedChargeValueList.h">
      <Filter>Header Files</Filter>
    </ClInclude>
    <ClInclude Include="..\ASN_Structures\TotalCallEventDuration.h">
      <Filter>Header Files</Filter>
    </ClInclude>
    <ClInclude Include="..\ASN_Structures\TotalCharge.h">
      <Filter>Header Files</Filter>
    </ClInclude>
    <ClInclude Include="..\ASN_Structures\TotalChargeRefund.h">
      <Filter>Header Files</Filter>
    </ClInclude>
    <ClInclude Include="..\ASN_Structures\TotalCommission.h">
      <Filter>Header Files</Filter>
    </ClInclude>
    <ClInclude Include="..\ASN_Structures\TotalCommissionRefund.h">
      <Filter>Header Files</Filter>
    </ClInclude>
    <ClInclude Include="..\ASN_Structures\TotalDataVolume.h">
      <Filter>Header Files</Filter>
    </ClInclude>
    <ClInclude Include="..\ASN_Structures\TotalDiscountRefund.h">
      <Filter>Header Files</Filter>
    </ClInclude>
    <ClInclude Include="..\ASN_Structures\TotalDiscountValue.h">
      <Filter>Header Files</Filter>
    </ClInclude>
    <ClInclude Include="..\ASN_Structures\TotalTaxRefund.h">
      <Filter>Header Files</Filter>
    </ClInclude>
    <ClInclude Include="..\ASN_Structures\TotalTaxValue.h">
      <Filter>Header Files</Filter>
    </ClInclude>
    <ClInclude Include="..\ASN_Structures\TotalTransactionDuration.h">
      <Filter>Header Files</Filter>
    </ClInclude>
    <ClInclude Include="..\ASN_Structures\TrackedCustomerEquipment.h">
      <Filter>Header Files</Filter>
    </ClInclude>
    <ClInclude Include="..\ASN_Structures\TrackedCustomerHomeId.h">
      <Filter>Header Files</Filter>
    </ClInclude>
    <ClInclude Include="..\ASN_Structures\TrackedCustomerHomeIdList.h">
      <Filter>Header Files</Filter>
    </ClInclude>
    <ClInclude Include="..\ASN_Structures\TrackedCustomerIdentification.h">
      <Filter>Header Files</Filter>
    </ClInclude>
    <ClInclude Include="..\ASN_Structures\TrackedCustomerIdList.h">
      <Filter>Header Files</Filter>
    </ClInclude>
    <ClInclude Include="..\ASN_Structures\TrackedCustomerInformation.h">
      <Filter>Header Files</Filter>
    </ClInclude>
    <ClInclude Include="..\ASN_Structures\TrackedCustomerLocation.h">
      <Filter>Header Files</Filter>
    </ClInclude>
    <ClInclude Include="..\ASN_Structures\TrackedCustomerLocList.h">
      <Filter>Header Files</Filter>
    </ClInclude>
    <ClInclude Include="..\ASN_Structures\TrackingCustomerEquipment.h">
      <Filter>Header Files</Filter>
    </ClInclude>
    <ClInclude Include="..\ASN_Structures\TrackingCustomerHomeId.h">
      <Filter>Header Files</Filter>
    </ClInclude>
    <ClInclude Include="..\ASN_Structures\TrackingCustomerHomeIdList.h">
      <Filter>Header Files</Filter>
    </ClInclude>
    <ClInclude Include="..\ASN_Structures\TrackingCustomerIdentification.h">
      <Filter>Header Files</Filter>
    </ClInclude>
    <ClInclude Include="..\ASN_Structures\TrackingCustomerIdList.h">
      <Filter>Header Files</Filter>
    </ClInclude>
    <ClInclude Include="..\ASN_Structures\TrackingCustomerInformation.h">
      <Filter>Header Files</Filter>
    </ClInclude>
    <ClInclude Include="..\ASN_Structures\TrackingCustomerLocation.h">
      <Filter>Header Files</Filter>
    </ClInclude>
    <ClInclude Include="..\ASN_Structures\TrackingCustomerLocList.h">
      <Filter>Header Files</Filter>
    </ClInclude>
    <ClInclude Include="..\ASN_Structures\TrackingFrequency.h">
      <Filter>Header Files</Filter>
    </ClInclude>
    <ClInclude Include="..\ASN_Structures\TrackingPeriod.h">
      <Filter>Header Files</Filter>
    </ClInclude>
    <ClInclude Include="..\ASN_Structures\TransactionAuthCode.h">
      <Filter>Header Files</Filter>
    </ClInclude>
    <ClInclude Include="..\ASN_Structures\TransactionDescriptionSupp.h">
      <Filter>Header Files</Filter>
    </ClInclude>
    <ClInclude Include="..\ASN_Structures\TransactionDetailDescription.h">
      <Filter>Header Files</Filter>
    </ClInclude>
    <ClInclude Include="..\ASN_Structures\TransactionIdentifier.h">
      <Filter>Header Files</Filter>
    </ClInclude>
    <ClInclude Include="..\ASN_Structures\TransactionShortDescription.h">
      <Filter>Header Files</Filter>
    </ClInclude>
    <ClInclude Include="..\ASN_Structures\TransactionStatus.h">
      <Filter>Header Files</Filter>
    </ClInclude>
    <ClInclude Include="..\ASN_Structures\TransferBatch.h">
      <Filter>Header Files</Filter>
    </ClInclude>
    <ClInclude Include="..\ASN_Structures\TransferCutOffTimeStamp.h">
      <Filter>Header Files</Filter>
    </ClInclude>
    <ClInclude Include="..\ASN_Structures\TransparencyIndicator.h">
      <Filter>Header Files</Filter>
    </ClInclude>
    <ClInclude Include="..\ASN_Structures\UserProtocolIndicator.h">
      <Filter>Header Files</Filter>
    </ClInclude>
    <ClInclude Include="..\ASN_Structures\UtcTimeOffset.h">
      <Filter>Header Files</Filter>
    </ClInclude>
    <ClInclude Include="..\ASN_Structures\UtcTimeOffsetCode.h">
      <Filter>Header Files</Filter>
    </ClInclude>
    <ClInclude Include="..\ASN_Structures\UtcTimeOffsetInfo.h">
      <Filter>Header Files</Filter>
    </ClInclude>
    <ClInclude Include="..\ASN_Structures\UtcTimeOffsetInfoList.h">
      <Filter>Header Files</Filter>
    </ClInclude>
    <ClInclude Include="..\ASN_Structures\VerticalAccuracyDelivered.h">
      <Filter>Header Files</Filter>
    </ClInclude>
    <ClInclude Include="..\ASN_Structures\VerticalAccuracyRequested.h">
      <Filter>Header Files</Filter>
    </ClInclude>
    <ClInclude Include="..\ASN_Structures\xer_decoder.h">
      <Filter>Header Files</Filter>
    </ClInclude>
    <ClInclude Include="..\ASN_Structures\xer_encoder.h">
      <Filter>Header Files</Filter>
    </ClInclude>
    <ClInclude Include="..\ASN_Structures\xer_support.h">
      <Filter>Header Files</Filter>
    </ClInclude>
    <ClInclude Include="..\RAP_ASN_Structures\AccountingInfoError.h">
      <Filter>Header Files</Filter>
    </ClInclude>
    <ClInclude Include="..\RAP_ASN_Structures\AckFileAvailableTimeStamp.h">
      <Filter>Header Files</Filter>
    </ClInclude>
    <ClInclude Include="..\RAP_ASN_Structures\AckFileCreationTimeStamp.h">
      <Filter>Header Files</Filter>
    </ClInclude>
    <ClInclude Include="..\RAP_ASN_Structures\Acknowledgement.h">
      <Filter>Header Files</Filter>
    </ClInclude>
    <ClInclude Include="..\RAP_ASN_Structures\AuditControlInfoError.h">
      <Filter>Header Files</Filter>
    </ClInclude>
    <ClInclude Include="..\RAP_ASN_Structures\BatchControlError.h">
      <Filter>Header Files</Filter>
    </ClInclude>
    <ClInclude Include="..\RAP_ASN_Structures\ErrorCode.h">
      <Filter>Header Files</Filter>
    </ClInclude>
    <ClInclude Include="..\RAP_ASN_Structures\ErrorContext.h">
      <Filter>Header Files</Filter>
    </ClInclude>
    <ClInclude Include="..\RAP_ASN_Structures\ErrorContextList.h">
      <Filter>Header Files</Filter>
    </ClInclude>
    <ClInclude Include="..\RAP_ASN_Structures\ErrorDetail.h">
      <Filter>Header Files</Filter>
    </ClInclude>
    <ClInclude Include="..\RAP_ASN_Structures\ErrorDetailList.h">
      <Filter>Header Files</Filter>
    </ClInclude>
    <ClInclude Include="..\RAP_ASN_Structures\FatalReturn.h">
      <Filter>Header Files</Filter>
    </ClInclude>
    <ClInclude Include="..\RAP_ASN_Structures\ItemLevel.h">
      <Filter>Header Files</Filter>
    </ClInclude>
    <ClInclude Include="..\RAP_ASN_Structures\ItemOccurrence.h">
      <Filter>Header Files</Filter>
    </ClInclude>
    <ClInclude Include="..\RAP_ASN_Structures\ItemOffset.h">
      <Filter>Header Files</Filter>
    </ClInclude>
    <ClInclude Include="..\RAP_ASN_Structures\LastSeqNumber.h">
      <Filter>Header Files</Filter>
    </ClInclude>
    <ClInclude Include="..\RAP_ASN_Structures\MessageDescriptionError.h">
      <Filter>Header Files</Filter>
    </ClInclude>
    <ClInclude Include="..\RAP_ASN_Structures\MessageDescriptionInformationDefinition.h">
      <Filter>Header Files</Filter>
    </ClInclude>
    <ClInclude Include="..\RAP_ASN_Structures\MissingReturn.h">
      <Filter>Header Files</Filter>
    </ClInclude>
    <ClInclude Include="..\RAP_ASN_Structures\NetworkInfoError.h">
      <Filter>Header Files</Filter>
    </ClInclude>
    <ClInclude Include="..\RAP_ASN_Structures\NotificationError.h">
      <Filter>Header Files</Filter>
    </ClInclude>
    <ClInclude Include="..\RAP_ASN_Structures\OperatorSpecList.h">
      <Filter>Header Files</Filter>
    </ClInclude>
    <ClInclude Include="..\RAP_ASN_Structures\PathItemId.h">
      <Filter>Header Files</Filter>
    </ClInclude>
    <ClInclude Include="..\RAP_ASN_Structures\RapAuditControlInfo.h">
      <Filter>Header Files</Filter>
    </ClInclude>
    <ClInclude Include="..\RAP_ASN_Structures\RapBatchControlInfo.h">
      <Filter>Header Files</Filter>
    </ClInclude>
    <ClInclude Include="..\RAP_ASN_Structures\RapDataInterChange.h">
      <Filter>Header Files</Filter>
    </ClInclude>
    <ClInclude Include="..\RAP_ASN_Structures\RapFileAvailableTimeStamp.h">
      <Filter>Header Files</Filter>
    </ClInclude>
    <ClInclude Include="..\RAP_ASN_Structures\RapFileCreationTimeStamp.h">
      <Filter>Header Files</Filter>
    </ClInclude>
    <ClInclude Include="..\RAP_ASN_Structures\RapReleaseVersionNumber.h">
      <Filter>Header Files</Filter>
    </ClInclude>
    <ClInclude Include="..\RAP_ASN_Structures\RapSpecificationVersionNumber.h">
      <Filter>Header Files</Filter>
    </ClInclude>
    <ClInclude Include="..\RAP_ASN_Structures\ReturnBatch.h">
      <Filter>Header Files</Filter>
    </ClInclude>
    <ClInclude Include="..\RAP_ASN_Structures\ReturnDetail.h">
      <Filter>Header Files</Filter>
    </ClInclude>
    <ClInclude Include="..\RAP_ASN_Structures\ReturnDetailList.h">
      <Filter>Header Files</Filter>
    </ClInclude>
    <ClInclude Include="..\RAP_ASN_Structures\ReturnDetailsCount.h">
      <Filter>Header Files</Filter>
    </ClInclude>
    <ClInclude Include="..\RAP_ASN_Structures\RoamingPartner.h">
      <Filter>Header Files</Filter>
    </ClInclude>
    <ClInclude Include="..\RAP_ASN_Structures\SevereReturn.h">
      <Filter>Header Files</Filter>
    </ClInclude>
    <ClInclude Include="..\RAP_ASN_Structures\StartMissingSeqNumber.h">
      <Filter>Header Files</Filter>
    </ClInclude>
    <ClInclude Include="..\RAP_ASN_Structures\StopReturn.h">
      <Filter>Header Files</Filter>
    </ClInclude>
    <ClInclude Include="..\RAP_ASN_Structures\TotalSevereReturnTax.h">
      <Filter>Header Files</Filter>
    </ClInclude>
    <ClInclude Include="..\RAP_ASN_Structures\TotalSevereReturnValue.h">
      <Filter>Header Files</Filter>
    </ClInclude>
    <ClInclude Include="..\RAP_ASN_Structures\TransferBatchError.h">
      <Filter>Header Files</Filter>
    </ClInclude>
    <ClInclude Include="..\RAP_ASN_Structures\EndMissingSeqNumber.h">
      <Filter>Header Files</Filter>
    </ClInclude>
    <ClInclude Include="..\..\TAP_Constants.h">
      <Filter>Header Files</Filter>
    </ClInclude>
    <ClInclude Include="..\..\ConfigContainer.h">
      <Filter>Header Files</Filter>
    </ClInclude>
    <ClInclude Include="TAPValidator.h">
      <Filter>Header Files</Filter>
    </ClInclude>
    <ClInclude Include="OTL_Header.h">
      <Filter>Header Files</Filter>
    </ClInclude>
    <ClInclude Include="..\TAP3_Writer\gpshare.h">
      <Filter>Header Files</Filter>
    </ClInclude>
    <ClInclude Include="CallValidator.h">
      <Filter>Header Files</Filter>
    </ClInclude>
    <ClInclude Include="RAPFile.h">
      <Filter>Header Files</Filter>
    </ClInclude>
    <ClInclude Include="RoamingFileLoader.h">
      <Filter>Header Files</Filter>
    </ClInclude>
    <ClInclude Include="TapLoader.h">
      <Filter>Header Files</Filter>
    </ClInclude>
  </ItemGroup>
  <ItemGroup>
    <ClCompile Include="stdafx.cpp">
      <Filter>Source Files</Filter>
    </ClCompile>
    <ClCompile Include="TAP3.12c.cpp">
      <Filter>Source Files</Filter>
    </ClCompile>
    <ClCompile Include="..\ASN_Structures\AbsoluteAmount.c">
      <Filter>Source Files</Filter>
    </ClCompile>
    <ClCompile Include="..\ASN_Structures\AccessPointNameNI.c">
      <Filter>Source Files</Filter>
    </ClCompile>
    <ClCompile Include="..\ASN_Structures\AccessPointNameOI.c">
      <Filter>Source Files</Filter>
    </ClCompile>
    <ClCompile Include="..\ASN_Structures\AccountingInfo.c">
      <Filter>Source Files</Filter>
    </ClCompile>
    <ClCompile Include="..\ASN_Structures\ActualDeliveryTimeStamp.c">
      <Filter>Source Files</Filter>
    </ClCompile>
    <ClCompile Include="..\ASN_Structures\AddressStringDigits.c">
      <Filter>Source Files</Filter>
    </ClCompile>
    <ClCompile Include="..\ASN_Structures\AdvisedCharge.c">
      <Filter>Source Files</Filter>
    </ClCompile>
    <ClCompile Include="..\ASN_Structures\AdvisedChargeCurrency.c">
      <Filter>Source Files</Filter>
    </ClCompile>
    <ClCompile Include="..\ASN_Structures\AdvisedChargeInformation.c">
      <Filter>Source Files</Filter>
    </ClCompile>
    <ClCompile Include="..\ASN_Structures\AgeOfLocation.c">
      <Filter>Source Files</Filter>
    </ClCompile>
    <ClCompile Include="..\ASN_Structures\AsciiString.c">
      <Filter>Source Files</Filter>
    </ClCompile>
    <ClCompile Include="..\ASN_Structures\asn_codecs_prim.c">
      <Filter>Source Files</Filter>
    </ClCompile>
    <ClCompile Include="..\ASN_Structures\asn_SEQUENCE_OF.c">
      <Filter>Source Files</Filter>
    </ClCompile>
    <ClCompile Include="..\ASN_Structures\asn_SET_OF.c">
      <Filter>Source Files</Filter>
    </ClCompile>
    <ClCompile Include="..\ASN_Structures\AuditControlInfo.c">
      <Filter>Source Files</Filter>
    </ClCompile>
    <ClCompile Include="..\ASN_Structures\BasicService.c">
      <Filter>Source Files</Filter>
    </ClCompile>
    <ClCompile Include="..\ASN_Structures\BasicServiceCode.c">
      <Filter>Source Files</Filter>
    </ClCompile>
    <ClCompile Include="..\ASN_Structures\BasicServiceCodeList.c">
      <Filter>Source Files</Filter>
    </ClCompile>
    <ClCompile Include="..\ASN_Structures\BasicServiceUsed.c">
      <Filter>Source Files</Filter>
    </ClCompile>
    <ClCompile Include="..\ASN_Structures\BasicServiceUsedList.c">
      <Filter>Source Files</Filter>
    </ClCompile>
    <ClCompile Include="..\ASN_Structures\BatchControlInfo.c">
      <Filter>Source Files</Filter>
    </ClCompile>
    <ClCompile Include="..\ASN_Structures\BCDString.c">
      <Filter>Source Files</Filter>
    </ClCompile>
    <ClCompile Include="..\ASN_Structures\BearerServiceCode.c">
      <Filter>Source Files</Filter>
    </ClCompile>
    <ClCompile Include="..\ASN_Structures\ber_decoder.c">
      <Filter>Source Files</Filter>
    </ClCompile>
    <ClCompile Include="..\ASN_Structures\ber_tlv_length.c">
      <Filter>Source Files</Filter>
    </ClCompile>
    <ClCompile Include="..\ASN_Structures\ber_tlv_tag.c">
      <Filter>Source Files</Filter>
    </ClCompile>
    <ClCompile Include="..\ASN_Structures\Bid.c">
      <Filter>Source Files</Filter>
    </ClCompile>
    <ClCompile Include="..\ASN_Structures\BIT_STRING.c">
      <Filter>Source Files</Filter>
    </ClCompile>
    <ClCompile Include="..\ASN_Structures\CalledNumber.c">
      <Filter>Source Files</Filter>
    </ClCompile>
    <ClCompile Include="..\ASN_Structures\CalledPlace.c">
      <Filter>Source Files</Filter>
    </ClCompile>
    <ClCompile Include="..\ASN_Structures\CalledRegion.c">
      <Filter>Source Files</Filter>
    </ClCompile>
    <ClCompile Include="..\ASN_Structures\CallEventDetail.c">
      <Filter>Source Files</Filter>
    </ClCompile>
    <ClCompile Include="..\ASN_Structures\CallEventDetailList.c">
      <Filter>Source Files</Filter>
    </ClCompile>
    <ClCompile Include="..\ASN_Structures\CallEventDetailsCount.c">
      <Filter>Source Files</Filter>
    </ClCompile>
    <ClCompile Include="..\ASN_Structures\CallEventStartTimeStamp.c">
      <Filter>Source Files</Filter>
    </ClCompile>
    <ClCompile Include="..\ASN_Structures\CallingNumber.c">
      <Filter>Source Files</Filter>
    </ClCompile>
    <ClCompile Include="..\ASN_Structures\CallOriginator.c">
      <Filter>Source Files</Filter>
    </ClCompile>
    <ClCompile Include="..\ASN_Structures\CallReference.c">
      <Filter>Source Files</Filter>
    </ClCompile>
    <ClCompile Include="..\ASN_Structures\CallTypeGroup.c">
      <Filter>Source Files</Filter>
    </ClCompile>
    <ClCompile Include="..\ASN_Structures\CallTypeLevel1.c">
      <Filter>Source Files</Filter>
    </ClCompile>
    <ClCompile Include="..\ASN_Structures\CallTypeLevel2.c">
      <Filter>Source Files</Filter>
    </ClCompile>
    <ClCompile Include="..\ASN_Structures\CallTypeLevel3.c">
      <Filter>Source Files</Filter>
    </ClCompile>
    <ClCompile Include="..\ASN_Structures\CamelDestinationNumber.c">
      <Filter>Source Files</Filter>
    </ClCompile>
    <ClCompile Include="..\ASN_Structures\CamelInvocationFee.c">
      <Filter>Source Files</Filter>
    </ClCompile>
    <ClCompile Include="..\ASN_Structures\CamelServiceKey.c">
      <Filter>Source Files</Filter>
    </ClCompile>
    <ClCompile Include="..\ASN_Structures\CamelServiceLevel.c">
      <Filter>Source Files</Filter>
    </ClCompile>
    <ClCompile Include="..\ASN_Structures\CamelServiceUsed.c">
      <Filter>Source Files</Filter>
    </ClCompile>
    <ClCompile Include="..\ASN_Structures\CauseForTerm.c">
      <Filter>Source Files</Filter>
    </ClCompile>
    <ClCompile Include="..\ASN_Structures\CellId.c">
      <Filter>Source Files</Filter>
    </ClCompile>
    <ClCompile Include="..\ASN_Structures\Charge.c">
      <Filter>Source Files</Filter>
    </ClCompile>
    <ClCompile Include="..\ASN_Structures\ChargeableSubscriber.c">
      <Filter>Source Files</Filter>
    </ClCompile>
    <ClCompile Include="..\ASN_Structures\ChargeableUnits.c">
      <Filter>Source Files</Filter>
    </ClCompile>
    <ClCompile Include="..\ASN_Structures\ChargeDetail.c">
      <Filter>Source Files</Filter>
    </ClCompile>
    <ClCompile Include="..\ASN_Structures\ChargeDetailList.c">
      <Filter>Source Files</Filter>
    </ClCompile>
    <ClCompile Include="..\ASN_Structures\ChargeDetailTimeStamp.c">
      <Filter>Source Files</Filter>
    </ClCompile>
    <ClCompile Include="..\ASN_Structures\ChargedItem.c">
      <Filter>Source Files</Filter>
    </ClCompile>
    <ClCompile Include="..\ASN_Structures\ChargedParty.c">
      <Filter>Source Files</Filter>
    </ClCompile>
    <ClCompile Include="..\ASN_Structures\ChargedPartyEquipment.c">
      <Filter>Source Files</Filter>
    </ClCompile>
    <ClCompile Include="..\ASN_Structures\ChargedPartyHomeIdentification.c">
      <Filter>Source Files</Filter>
    </ClCompile>
    <ClCompile Include="..\ASN_Structures\ChargedPartyHomeIdList.c">
      <Filter>Source Files</Filter>
    </ClCompile>
    <ClCompile Include="..\ASN_Structures\ChargedPartyIdentification.c">
      <Filter>Source Files</Filter>
    </ClCompile>
    <ClCompile Include="..\ASN_Structures\ChargedPartyIdentifier.c">
      <Filter>Source Files</Filter>
    </ClCompile>
    <ClCompile Include="..\ASN_Structures\ChargedPartyIdList.c">
      <Filter>Source Files</Filter>
    </ClCompile>
    <ClCompile Include="..\ASN_Structures\ChargedPartyIdType.c">
      <Filter>Source Files</Filter>
    </ClCompile>
    <ClCompile Include="..\ASN_Structures\ChargedPartyInformation.c">
      <Filter>Source Files</Filter>
    </ClCompile>
    <ClCompile Include="..\ASN_Structures\ChargedPartyLocation.c">
      <Filter>Source Files</Filter>
    </ClCompile>
    <ClCompile Include="..\ASN_Structures\ChargedPartyLocationList.c">
      <Filter>Source Files</Filter>
    </ClCompile>
    <ClCompile Include="..\ASN_Structures\ChargedPartyStatus.c">
      <Filter>Source Files</Filter>
    </ClCompile>
    <ClCompile Include="..\ASN_Structures\ChargedUnits.c">
      <Filter>Source Files</Filter>
    </ClCompile>
    <ClCompile Include="..\ASN_Structures\ChargeInformation.c">
      <Filter>Source Files</Filter>
    </ClCompile>
    <ClCompile Include="..\ASN_Structures\ChargeInformationList.c">
      <Filter>Source Files</Filter>
    </ClCompile>
    <ClCompile Include="..\ASN_Structures\ChargeRefundIndicator.c">
      <Filter>Source Files</Filter>
    </ClCompile>
    <ClCompile Include="..\ASN_Structures\ChargeType.c">
      <Filter>Source Files</Filter>
    </ClCompile>
    <ClCompile Include="..\ASN_Structures\ChargingId.c">
      <Filter>Source Files</Filter>
    </ClCompile>
    <ClCompile Include="..\ASN_Structures\ChargingPoint.c">
      <Filter>Source Files</Filter>
    </ClCompile>
    <ClCompile Include="..\ASN_Structures\ChargingTimeStamp.c">
      <Filter>Source Files</Filter>
    </ClCompile>
    <ClCompile Include="..\ASN_Structures\ClirIndicator.c">
      <Filter>Source Files</Filter>
    </ClCompile>
    <ClCompile Include="..\ASN_Structures\Code.c">
      <Filter>Source Files</Filter>
    </ClCompile>
    <ClCompile Include="..\ASN_Structures\Commission.c">
      <Filter>Source Files</Filter>
    </ClCompile>
    <ClCompile Include="..\ASN_Structures\CompletionTimeStamp.c">
      <Filter>Source Files</Filter>
    </ClCompile>
    <ClCompile Include="..\ASN_Structures\constr_CHOICE.c">
      <Filter>Source Files</Filter>
    </ClCompile>
    <ClCompile Include="..\ASN_Structures\constr_SEQUENCE.c">
      <Filter>Source Files</Filter>
    </ClCompile>
    <ClCompile Include="..\ASN_Structures\constr_SEQUENCE_OF.c">
      <Filter>Source Files</Filter>
    </ClCompile>
    <ClCompile Include="..\ASN_Structures\constr_SET_OF.c">
      <Filter>Source Files</Filter>
    </ClCompile>
    <ClCompile Include="..\ASN_Structures\constr_TYPE.c">
      <Filter>Source Files</Filter>
    </ClCompile>
    <ClCompile Include="..\ASN_Structures\constraints.c">
      <Filter>Source Files</Filter>
    </ClCompile>
    <ClCompile Include="..\ASN_Structures\ContentChargingPoint.c">
      <Filter>Source Files</Filter>
    </ClCompile>
    <ClCompile Include="..\ASN_Structures\ContentProvider.c">
      <Filter>Source Files</Filter>
    </ClCompile>
    <ClCompile Include="..\ASN_Structures\ContentProviderIdentifier.c">
      <Filter>Source Files</Filter>
    </ClCompile>
    <ClCompile Include="..\ASN_Structures\ContentProviderIdList.c">
      <Filter>Source Files</Filter>
    </ClCompile>
    <ClCompile Include="..\ASN_Structures\ContentProviderIdType.c">
      <Filter>Source Files</Filter>
    </ClCompile>
    <ClCompile Include="..\ASN_Structures\ContentProviderName.c">
      <Filter>Source Files</Filter>
    </ClCompile>
    <ClCompile Include="..\ASN_Structures\ContentServiceUsed.c">
      <Filter>Source Files</Filter>
    </ClCompile>
    <ClCompile Include="..\ASN_Structures\ContentServiceUsedList.c">
      <Filter>Source Files</Filter>
    </ClCompile>
    <ClCompile Include="..\ASN_Structures\ContentTransaction.c">
      <Filter>Source Files</Filter>
    </ClCompile>
    <ClCompile Include="..\ASN_Structures\ContentTransactionBasicInfo.c">
      <Filter>Source Files</Filter>
    </ClCompile>
    <ClCompile Include="..\ASN_Structures\ContentTransactionCode.c">
      <Filter>Source Files</Filter>
    </ClCompile>
    <ClCompile Include="..\ASN_Structures\ContentTransactionType.c">
      <Filter>Source Files</Filter>
    </ClCompile>
    <ClCompile Include="..\ASN_Structures\CseInformation.c">
      <Filter>Source Files</Filter>
    </ClCompile>
    <ClCompile Include="..\ASN_Structures\Currency.c">
      <Filter>Source Files</Filter>
    </ClCompile>
    <ClCompile Include="..\ASN_Structures\CurrencyConversion.c">
      <Filter>Source Files</Filter>
    </ClCompile>
    <ClCompile Include="..\ASN_Structures\CurrencyConversionList.c">
      <Filter>Source Files</Filter>
    </ClCompile>
    <ClCompile Include="..\ASN_Structures\CustomerIdentifier.c">
      <Filter>Source Files</Filter>
    </ClCompile>
    <ClCompile Include="..\ASN_Structures\CustomerIdType.c">
      <Filter>Source Files</Filter>
    </ClCompile>
    <ClCompile Include="..\ASN_Structures\DataInterChange.c">
      <Filter>Source Files</Filter>
    </ClCompile>
    <ClCompile Include="..\ASN_Structures\DataVolume.c">
      <Filter>Source Files</Filter>
    </ClCompile>
    <ClCompile Include="..\ASN_Structures\DataVolumeIncoming.c">
      <Filter>Source Files</Filter>
    </ClCompile>
    <ClCompile Include="..\ASN_Structures\DataVolumeOutgoing.c">
      <Filter>Source Files</Filter>
    </ClCompile>
    <ClCompile Include="..\ASN_Structures\DateTime.c">
      <Filter>Source Files</Filter>
    </ClCompile>
    <ClCompile Include="..\ASN_Structures\DateTimeLong.c">
      <Filter>Source Files</Filter>
    </ClCompile>
    <ClCompile Include="..\ASN_Structures\DefaultCallHandlingIndicator.c">
      <Filter>Source Files</Filter>
    </ClCompile>
    <ClCompile Include="..\ASN_Structures\DepositTimeStamp.c">
      <Filter>Source Files</Filter>
    </ClCompile>
    <ClCompile Include="..\ASN_Structures\der_encoder.c">
      <Filter>Source Files</Filter>
    </ClCompile>
    <ClCompile Include="..\ASN_Structures\Destination.c">
      <Filter>Source Files</Filter>
    </ClCompile>
    <ClCompile Include="..\ASN_Structures\DestinationNetwork.c">
      <Filter>Source Files</Filter>
    </ClCompile>
    <ClCompile Include="..\ASN_Structures\DialledDigits.c">
      <Filter>Source Files</Filter>
    </ClCompile>
    <ClCompile Include="..\ASN_Structures\Discount.c">
      <Filter>Source Files</Filter>
    </ClCompile>
    <ClCompile Include="..\ASN_Structures\DiscountableAmount.c">
      <Filter>Source Files</Filter>
    </ClCompile>
    <ClCompile Include="..\ASN_Structures\DiscountApplied.c">
      <Filter>Source Files</Filter>
    </ClCompile>
    <ClCompile Include="..\ASN_Structures\DiscountCode.c">
      <Filter>Source Files</Filter>
    </ClCompile>
    <ClCompile Include="..\ASN_Structures\DiscountInformation.c">
      <Filter>Source Files</Filter>
    </ClCompile>
    <ClCompile Include="..\ASN_Structures\Discounting.c">
      <Filter>Source Files</Filter>
    </ClCompile>
    <ClCompile Include="..\ASN_Structures\DiscountingList.c">
      <Filter>Source Files</Filter>
    </ClCompile>
    <ClCompile Include="..\ASN_Structures\DiscountRate.c">
      <Filter>Source Files</Filter>
    </ClCompile>
    <ClCompile Include="..\ASN_Structures\DiscountValue.c">
      <Filter>Source Files</Filter>
    </ClCompile>
    <ClCompile Include="..\ASN_Structures\DistanceChargeBandCode.c">
      <Filter>Source Files</Filter>
    </ClCompile>
    <ClCompile Include="..\ASN_Structures\EarliestCallTimeStamp.c">
      <Filter>Source Files</Filter>
    </ClCompile>
    <ClCompile Include="..\ASN_Structures\ElementId.c">
      <Filter>Source Files</Filter>
    </ClCompile>
    <ClCompile Include="..\ASN_Structures\ElementType.c">
      <Filter>Source Files</Filter>
    </ClCompile>
    <ClCompile Include="..\ASN_Structures\EquipmentId.c">
      <Filter>Source Files</Filter>
    </ClCompile>
    <ClCompile Include="..\ASN_Structures\EquipmentIdType.c">
      <Filter>Source Files</Filter>
    </ClCompile>
    <ClCompile Include="..\ASN_Structures\Esn.c">
      <Filter>Source Files</Filter>
    </ClCompile>
    <ClCompile Include="..\ASN_Structures\EventReference.c">
      <Filter>Source Files</Filter>
    </ClCompile>
    <ClCompile Include="..\ASN_Structures\ExchangeRate.c">
      <Filter>Source Files</Filter>
    </ClCompile>
    <ClCompile Include="..\ASN_Structures\ExchangeRateCode.c">
      <Filter>Source Files</Filter>
    </ClCompile>
    <ClCompile Include="..\ASN_Structures\FileAvailableTimeStamp.c">
      <Filter>Source Files</Filter>
    </ClCompile>
    <ClCompile Include="..\ASN_Structures\FileCreationTimeStamp.c">
      <Filter>Source Files</Filter>
    </ClCompile>
    <ClCompile Include="..\ASN_Structures\FileSequenceNumber.c">
      <Filter>Source Files</Filter>
    </ClCompile>
    <ClCompile Include="..\ASN_Structures\FileTypeIndicator.c">
      <Filter>Source Files</Filter>
    </ClCompile>
    <ClCompile Include="..\ASN_Structures\FixedDiscountValue.c">
      <Filter>Source Files</Filter>
    </ClCompile>
    <ClCompile Include="..\ASN_Structures\Fnur.c">
      <Filter>Source Files</Filter>
    </ClCompile>
    <ClCompile Include="..\ASN_Structures\GeographicalLocation.c">
      <Filter>Source Files</Filter>
    </ClCompile>
    <ClCompile Include="..\ASN_Structures\GprsBasicCallInformation.c">
      <Filter>Source Files</Filter>
    </ClCompile>
    <ClCompile Include="..\ASN_Structures\GprsCall.c">
      <Filter>Source Files</Filter>
    </ClCompile>
    <ClCompile Include="..\ASN_Structures\GprsChargeableSubscriber.c">
      <Filter>Source Files</Filter>
    </ClCompile>
    <ClCompile Include="..\ASN_Structures\GprsDestination.c">
      <Filter>Source Files</Filter>
    </ClCompile>
    <ClCompile Include="..\ASN_Structures\GprsLocationInformation.c">
      <Filter>Source Files</Filter>
    </ClCompile>
    <ClCompile Include="..\ASN_Structures\GprsNetworkLocation.c">
      <Filter>Source Files</Filter>
    </ClCompile>
    <ClCompile Include="..\ASN_Structures\GprsServiceUsed.c">
      <Filter>Source Files</Filter>
    </ClCompile>
    <ClCompile Include="..\ASN_Structures\GsmChargeableSubscriber.c">
      <Filter>Source Files</Filter>
    </ClCompile>
    <ClCompile Include="..\ASN_Structures\GuaranteedBitRate.c">
      <Filter>Source Files</Filter>
    </ClCompile>
    <ClCompile Include="..\ASN_Structures\HexString.c">
      <Filter>Source Files</Filter>
    </ClCompile>
    <ClCompile Include="..\ASN_Structures\HomeBid.c">
      <Filter>Source Files</Filter>
    </ClCompile>
    <ClCompile Include="..\ASN_Structures\HomeIdentifier.c">
      <Filter>Source Files</Filter>
    </ClCompile>
    <ClCompile Include="..\ASN_Structures\HomeIdType.c">
      <Filter>Source Files</Filter>
    </ClCompile>
    <ClCompile Include="..\ASN_Structures\HomeLocationDescription.c">
      <Filter>Source Files</Filter>
    </ClCompile>
    <ClCompile Include="..\ASN_Structures\HomeLocationInformation.c">
      <Filter>Source Files</Filter>
    </ClCompile>
    <ClCompile Include="..\ASN_Structures\HorizontalAccuracyDelivered.c">
      <Filter>Source Files</Filter>
    </ClCompile>
    <ClCompile Include="..\ASN_Structures\HorizontalAccuracyRequested.c">
      <Filter>Source Files</Filter>
    </ClCompile>
    <ClCompile Include="..\ASN_Structures\HSCSDIndicator.c">
      <Filter>Source Files</Filter>
    </ClCompile>
    <ClCompile Include="..\ASN_Structures\Imei.c">
      <Filter>Source Files</Filter>
    </ClCompile>
    <ClCompile Include="..\ASN_Structures\ImeiOrEsn.c">
      <Filter>Source Files</Filter>
    </ClCompile>
    <ClCompile Include="..\ASN_Structures\Imsi.c">
      <Filter>Source Files</Filter>
    </ClCompile>
    <ClCompile Include="..\ASN_Structures\IMSSignallingContext.c">
      <Filter>Source Files</Filter>
    </ClCompile>
    <ClCompile Include="..\ASN_Structures\INTEGER.c">
      <Filter>Source Files</Filter>
    </ClCompile>
    <ClCompile Include="..\ASN_Structures\InternetServiceProvider.c">
      <Filter>Source Files</Filter>
    </ClCompile>
    <ClCompile Include="..\ASN_Structures\InternetServiceProviderIdList.c">
      <Filter>Source Files</Filter>
    </ClCompile>
    <ClCompile Include="..\ASN_Structures\IspIdentifier.c">
      <Filter>Source Files</Filter>
    </ClCompile>
    <ClCompile Include="..\ASN_Structures\IspIdType.c">
      <Filter>Source Files</Filter>
    </ClCompile>
    <ClCompile Include="..\ASN_Structures\ISPList.c">
      <Filter>Source Files</Filter>
    </ClCompile>
    <ClCompile Include="..\ASN_Structures\LatestCallTimeStamp.c">
      <Filter>Source Files</Filter>
    </ClCompile>
    <ClCompile Include="..\ASN_Structures\LCSQosDelivered.c">
      <Filter>Source Files</Filter>
    </ClCompile>
    <ClCompile Include="..\ASN_Structures\LCSQosRequested.c">
      <Filter>Source Files</Filter>
    </ClCompile>
    <ClCompile Include="..\ASN_Structures\LCSRequestTimestamp.c">
      <Filter>Source Files</Filter>
    </ClCompile>
    <ClCompile Include="..\ASN_Structures\LCSSPIdentification.c">
      <Filter>Source Files</Filter>
    </ClCompile>
    <ClCompile Include="..\ASN_Structures\LCSSPIdentificationList.c">
      <Filter>Source Files</Filter>
    </ClCompile>
    <ClCompile Include="..\ASN_Structures\LCSSPInformation.c">
      <Filter>Source Files</Filter>
    </ClCompile>
    <ClCompile Include="..\ASN_Structures\LCSTransactionStatus.c">
      <Filter>Source Files</Filter>
    </ClCompile>
    <ClCompile Include="..\ASN_Structures\LocalCurrency.c">
      <Filter>Source Files</Filter>
    </ClCompile>
    <ClCompile Include="..\ASN_Structures\LocalTimeStamp.c">
      <Filter>Source Files</Filter>
    </ClCompile>
    <ClCompile Include="..\ASN_Structures\LocationArea.c">
      <Filter>Source Files</Filter>
    </ClCompile>
    <ClCompile Include="..\ASN_Structures\LocationDescription.c">
      <Filter>Source Files</Filter>
    </ClCompile>
    <ClCompile Include="..\ASN_Structures\LocationIdentifier.c">
      <Filter>Source Files</Filter>
    </ClCompile>
    <ClCompile Include="..\ASN_Structures\LocationIdType.c">
      <Filter>Source Files</Filter>
    </ClCompile>
    <ClCompile Include="..\ASN_Structures\LocationInformation.c">
      <Filter>Source Files</Filter>
    </ClCompile>
    <ClCompile Include="..\ASN_Structures\LocationService.c">
      <Filter>Source Files</Filter>
    </ClCompile>
    <ClCompile Include="..\ASN_Structures\LocationServiceUsage.c">
      <Filter>Source Files</Filter>
    </ClCompile>
    <ClCompile Include="..\ASN_Structures\MaximumBitRate.c">
      <Filter>Source Files</Filter>
    </ClCompile>
    <ClCompile Include="..\ASN_Structures\Mdn.c">
      <Filter>Source Files</Filter>
    </ClCompile>
    <ClCompile Include="..\ASN_Structures\MessageDescription.c">
      <Filter>Source Files</Filter>
    </ClCompile>
    <ClCompile Include="..\ASN_Structures\MessageDescriptionCode.c">
      <Filter>Source Files</Filter>
    </ClCompile>
    <ClCompile Include="..\ASN_Structures\MessageDescriptionInfoList.c">
      <Filter>Source Files</Filter>
    </ClCompile>
    <ClCompile Include="..\ASN_Structures\MessageDescriptionInformation.c">
      <Filter>Source Files</Filter>
    </ClCompile>
    <ClCompile Include="..\ASN_Structures\MessageStatus.c">
      <Filter>Source Files</Filter>
    </ClCompile>
    <ClCompile Include="..\ASN_Structures\MessageType.c">
      <Filter>Source Files</Filter>
    </ClCompile>
    <ClCompile Include="..\ASN_Structures\MessagingEvent.c">
      <Filter>Source Files</Filter>
    </ClCompile>
    <ClCompile Include="..\ASN_Structures\MessagingEventService.c">
      <Filter>Source Files</Filter>
    </ClCompile>
    <ClCompile Include="..\ASN_Structures\Min.c">
      <Filter>Source Files</Filter>
    </ClCompile>
    <ClCompile Include="..\ASN_Structures\MinChargeableSubscriber.c">
      <Filter>Source Files</Filter>
    </ClCompile>
    <ClCompile Include="..\ASN_Structures\MoBasicCallInformation.c">
      <Filter>Source Files</Filter>
    </ClCompile>
    <ClCompile Include="..\ASN_Structures\MobileOriginatedCall.c">
      <Filter>Source Files</Filter>
    </ClCompile>
    <ClCompile Include="..\ASN_Structures\MobileSession.c">
      <Filter>Source Files</Filter>
    </ClCompile>
    <ClCompile Include="..\ASN_Structures\MobileSessionService.c">
      <Filter>Source Files</Filter>
    </ClCompile>
    <ClCompile Include="..\ASN_Structures\MobileTerminatedCall.c">
      <Filter>Source Files</Filter>
    </ClCompile>
    <ClCompile Include="..\ASN_Structures\Msisdn.c">
      <Filter>Source Files</Filter>
    </ClCompile>
    <ClCompile Include="..\ASN_Structures\MtBasicCallInformation.c">
      <Filter>Source Files</Filter>
    </ClCompile>
    <ClCompile Include="..\ASN_Structures\NativeEnumerated.c">
      <Filter>Source Files</Filter>
    </ClCompile>
    <ClCompile Include="..\ASN_Structures\NativeInteger.c">
      <Filter>Source Files</Filter>
    </ClCompile>
    <ClCompile Include="..\ASN_Structures\Network.c">
      <Filter>Source Files</Filter>
    </ClCompile>
    <ClCompile Include="..\ASN_Structures\NetworkAccessIdentifier.c">
      <Filter>Source Files</Filter>
    </ClCompile>
    <ClCompile Include="..\ASN_Structures\NetworkElement.c">
      <Filter>Source Files</Filter>
    </ClCompile>
    <ClCompile Include="..\ASN_Structures\NetworkElementList.c">
      <Filter>Source Files</Filter>
    </ClCompile>
    <ClCompile Include="..\ASN_Structures\NetworkId.c">
      <Filter>Source Files</Filter>
    </ClCompile>
    <ClCompile Include="..\ASN_Structures\NetworkIdentifier.c">
      <Filter>Source Files</Filter>
    </ClCompile>
    <ClCompile Include="..\ASN_Structures\NetworkIdType.c">
      <Filter>Source Files</Filter>
    </ClCompile>
    <ClCompile Include="..\ASN_Structures\NetworkInfo.c">
      <Filter>Source Files</Filter>
    </ClCompile>
    <ClCompile Include="..\ASN_Structures\NetworkInitPDPContext.c">
      <Filter>Source Files</Filter>
    </ClCompile>
    <ClCompile Include="..\ASN_Structures\NetworkList.c">
      <Filter>Source Files</Filter>
    </ClCompile>
    <ClCompile Include="..\ASN_Structures\NetworkLocation.c">
      <Filter>Source Files</Filter>
    </ClCompile>
    <ClCompile Include="..\ASN_Structures\NonChargedNumber.c">
      <Filter>Source Files</Filter>
    </ClCompile>
    <ClCompile Include="..\ASN_Structures\NonChargedParty.c">
      <Filter>Source Files</Filter>
    </ClCompile>
    <ClCompile Include="..\ASN_Structures\NonChargedPartyNumber.c">
      <Filter>Source Files</Filter>
    </ClCompile>
    <ClCompile Include="..\ASN_Structures\NonChargedPublicUserId.c">
      <Filter>Source Files</Filter>
    </ClCompile>
    <ClCompile Include="..\ASN_Structures\Notification.c">
      <Filter>Source Files</Filter>
    </ClCompile>
    <ClCompile Include="..\ASN_Structures\NumberOfDecimalPlaces.c">
      <Filter>Source Files</Filter>
    </ClCompile>
    <ClCompile Include="..\ASN_Structures\NumberString.c">
      <Filter>Source Files</Filter>
    </ClCompile>
    <ClCompile Include="..\ASN_Structures\ObjectType.c">
      <Filter>Source Files</Filter>
    </ClCompile>
    <ClCompile Include="..\ASN_Structures\OCTET_STRING.c">
      <Filter>Source Files</Filter>
    </ClCompile>
    <ClCompile Include="..\ASN_Structures\OperatorSpecInfoList.c">
      <Filter>Source Files</Filter>
    </ClCompile>
    <ClCompile Include="..\ASN_Structures\OperatorSpecInformation.c">
      <Filter>Source Files</Filter>
    </ClCompile>
    <ClCompile Include="..\ASN_Structures\OrderPlacedTimeStamp.c">
      <Filter>Source Files</Filter>
    </ClCompile>
    <ClCompile Include="..\ASN_Structures\OriginatingNetwork.c">
      <Filter>Source Files</Filter>
    </ClCompile>
    <ClCompile Include="..\ASN_Structures\PacketDataProtocolAddress.c">
      <Filter>Source Files</Filter>
    </ClCompile>
    <ClCompile Include="..\ASN_Structures\PaidIndicator.c">
      <Filter>Source Files</Filter>
    </ClCompile>
    <ClCompile Include="..\ASN_Structures\PartialTypeIndicator.c">
      <Filter>Source Files</Filter>
    </ClCompile>
    <ClCompile Include="..\ASN_Structures\PaymentMethod.c">
      <Filter>Source Files</Filter>
    </ClCompile>
    <ClCompile Include="..\ASN_Structures\PdpAddress.c">
      <Filter>Source Files</Filter>
    </ClCompile>
    <ClCompile Include="..\ASN_Structures\PDPContextStartTimestamp.c">
      <Filter>Source Files</Filter>
    </ClCompile>
    <ClCompile Include="..\ASN_Structures\per_decoder.c">
      <Filter>Source Files</Filter>
    </ClCompile>
    <ClCompile Include="..\ASN_Structures\per_encoder.c">
      <Filter>Source Files</Filter>
    </ClCompile>
    <ClCompile Include="..\ASN_Structures\per_opentype.c">
      <Filter>Source Files</Filter>
    </ClCompile>
    <ClCompile Include="..\ASN_Structures\per_support.c">
      <Filter>Source Files</Filter>
    </ClCompile>
    <ClCompile Include="..\ASN_Structures\PercentageRate.c">
      <Filter>Source Files</Filter>
    </ClCompile>
    <ClCompile Include="..\ASN_Structures\PlmnId.c">
      <Filter>Source Files</Filter>
    </ClCompile>
    <ClCompile Include="..\ASN_Structures\PositioningMethod.c">
      <Filter>Source Files</Filter>
    </ClCompile>
    <ClCompile Include="..\ASN_Structures\PriorityCode.c">
      <Filter>Source Files</Filter>
    </ClCompile>
    <ClCompile Include="..\ASN_Structures\PublicUserId.c">
      <Filter>Source Files</Filter>
    </ClCompile>
    <ClCompile Include="..\ASN_Structures\RapFileSequenceNumber.c">
      <Filter>Source Files</Filter>
    </ClCompile>
    <ClCompile Include="..\ASN_Structures\RecEntityCode.c">
      <Filter>Source Files</Filter>
    </ClCompile>
    <ClCompile Include="..\ASN_Structures\RecEntityCodeList.c">
      <Filter>Source Files</Filter>
    </ClCompile>
    <ClCompile Include="..\ASN_Structures\RecEntityId.c">
      <Filter>Source Files</Filter>
    </ClCompile>
    <ClCompile Include="..\ASN_Structures\RecEntityInfoList.c">
      <Filter>Source Files</Filter>
    </ClCompile>
    <ClCompile Include="..\ASN_Structures\RecEntityInformation.c">
      <Filter>Source Files</Filter>
    </ClCompile>
    <ClCompile Include="..\ASN_Structures\RecEntityType.c">
      <Filter>Source Files</Filter>
    </ClCompile>
    <ClCompile Include="..\ASN_Structures\Recipient.c">
      <Filter>Source Files</Filter>
    </ClCompile>
    <ClCompile Include="..\ASN_Structures\ReleaseVersionNumber.c">
      <Filter>Source Files</Filter>
    </ClCompile>
    <ClCompile Include="..\ASN_Structures\RequestedDeliveryTimeStamp.c">
      <Filter>Source Files</Filter>
    </ClCompile>
    <ClCompile Include="..\ASN_Structures\RequestedDestination.c">
      <Filter>Source Files</Filter>
    </ClCompile>
    <ClCompile Include="..\ASN_Structures\RequestedNumber.c">
      <Filter>Source Files</Filter>
    </ClCompile>
    <ClCompile Include="..\ASN_Structures\RequestedPublicUserId.c">
      <Filter>Source Files</Filter>
    </ClCompile>
    <ClCompile Include="..\ASN_Structures\ResponseTime.c">
      <Filter>Source Files</Filter>
    </ClCompile>
    <ClCompile Include="..\ASN_Structures\ResponseTimeCategory.c">
      <Filter>Source Files</Filter>
    </ClCompile>
    <ClCompile Include="..\ASN_Structures\ScuBasicInformation.c">
      <Filter>Source Files</Filter>
    </ClCompile>
    <ClCompile Include="..\ASN_Structures\ScuChargeableSubscriber.c">
      <Filter>Source Files</Filter>
    </ClCompile>
    <ClCompile Include="..\ASN_Structures\ScuChargeType.c">
      <Filter>Source Files</Filter>
    </ClCompile>
    <ClCompile Include="..\ASN_Structures\ScuTimeStamps.c">
      <Filter>Source Files</Filter>
    </ClCompile>
    <ClCompile Include="..\ASN_Structures\Sender.c">
      <Filter>Source Files</Filter>
    </ClCompile>
    <ClCompile Include="..\ASN_Structures\ServiceCentreUsage.c">
      <Filter>Source Files</Filter>
    </ClCompile>
    <ClCompile Include="..\ASN_Structures\ServiceStartTimestamp.c">
      <Filter>Source Files</Filter>
    </ClCompile>
    <ClCompile Include="..\ASN_Structures\ServingBid.c">
      <Filter>Source Files</Filter>
    </ClCompile>
    <ClCompile Include="..\ASN_Structures\ServingLocationDescription.c">
      <Filter>Source Files</Filter>
    </ClCompile>
    <ClCompile Include="..\ASN_Structures\ServingNetwork.c">
      <Filter>Source Files</Filter>
    </ClCompile>
    <ClCompile Include="..\ASN_Structures\ServingPartiesInformation.c">
      <Filter>Source Files</Filter>
    </ClCompile>
    <ClCompile Include="..\ASN_Structures\SessionChargeInfoList.c">
      <Filter>Source Files</Filter>
    </ClCompile>
    <ClCompile Include="..\ASN_Structures\SessionChargeInformation.c">
      <Filter>Source Files</Filter>
    </ClCompile>
    <ClCompile Include="..\ASN_Structures\SimChargeableSubscriber.c">
      <Filter>Source Files</Filter>
    </ClCompile>
    <ClCompile Include="..\ASN_Structures\SimToolkitIndicator.c">
      <Filter>Source Files</Filter>
    </ClCompile>
    <ClCompile Include="..\ASN_Structures\SMSDestinationNumber.c">
      <Filter>Source Files</Filter>
    </ClCompile>
    <ClCompile Include="..\ASN_Structures\SMSOriginator.c">
      <Filter>Source Files</Filter>
    </ClCompile>
    <ClCompile Include="..\ASN_Structures\SpecificationVersionNumber.c">
      <Filter>Source Files</Filter>
    </ClCompile>
    <ClCompile Include="..\ASN_Structures\SsParameters.c">
      <Filter>Source Files</Filter>
    </ClCompile>
    <ClCompile Include="..\ASN_Structures\SupplServiceActionCode.c">
      <Filter>Source Files</Filter>
    </ClCompile>
    <ClCompile Include="..\ASN_Structures\SupplServiceCode.c">
      <Filter>Source Files</Filter>
    </ClCompile>
    <ClCompile Include="..\ASN_Structures\SupplServiceEvent.c">
      <Filter>Source Files</Filter>
    </ClCompile>
    <ClCompile Include="..\ASN_Structures\SupplServiceUsed.c">
      <Filter>Source Files</Filter>
    </ClCompile>
    <ClCompile Include="..\ASN_Structures\TapCurrency.c">
      <Filter>Source Files</Filter>
    </ClCompile>
    <ClCompile Include="..\ASN_Structures\TapDecimalPlaces.c">
      <Filter>Source Files</Filter>
    </ClCompile>
    <ClCompile Include="..\ASN_Structures\TaxableAmount.c">
      <Filter>Source Files</Filter>
    </ClCompile>
    <ClCompile Include="..\ASN_Structures\Taxation.c">
      <Filter>Source Files</Filter>
    </ClCompile>
    <ClCompile Include="..\ASN_Structures\TaxationList.c">
      <Filter>Source Files</Filter>
    </ClCompile>
    <ClCompile Include="..\ASN_Structures\TaxCode.c">
      <Filter>Source Files</Filter>
    </ClCompile>
    <ClCompile Include="..\ASN_Structures\TaxIndicator.c">
      <Filter>Source Files</Filter>
    </ClCompile>
    <ClCompile Include="..\ASN_Structures\TaxInformation.c">
      <Filter>Source Files</Filter>
    </ClCompile>
    <ClCompile Include="..\ASN_Structures\TaxInformationList.c">
      <Filter>Source Files</Filter>
    </ClCompile>
    <ClCompile Include="..\ASN_Structures\TaxRate.c">
      <Filter>Source Files</Filter>
    </ClCompile>
    <ClCompile Include="..\ASN_Structures\TaxType.c">
      <Filter>Source Files</Filter>
    </ClCompile>
    <ClCompile Include="..\ASN_Structures\TaxValue.c">
      <Filter>Source Files</Filter>
    </ClCompile>
    <ClCompile Include="..\ASN_Structures\TeleServiceCode.c">
      <Filter>Source Files</Filter>
    </ClCompile>
    <ClCompile Include="..\ASN_Structures\ThirdPartyInformation.c">
      <Filter>Source Files</Filter>
    </ClCompile>
    <ClCompile Include="..\ASN_Structures\ThirdPartyNumber.c">
      <Filter>Source Files</Filter>
    </ClCompile>
    <ClCompile Include="..\ASN_Structures\ThreeGcamelDestination.c">
      <Filter>Source Files</Filter>
    </ClCompile>
    <ClCompile Include="..\ASN_Structures\TotalAdvisedCharge.c">
      <Filter>Source Files</Filter>
    </ClCompile>
    <ClCompile Include="..\ASN_Structures\TotalAdvisedChargeRefund.c">
      <Filter>Source Files</Filter>
    </ClCompile>
    <ClCompile Include="..\ASN_Structures\TotalAdvisedChargeValue.c">
      <Filter>Source Files</Filter>
    </ClCompile>
    <ClCompile Include="..\ASN_Structures\TotalAdvisedChargeValueList.c">
      <Filter>Source Files</Filter>
    </ClCompile>
    <ClCompile Include="..\ASN_Structures\TotalCallEventDuration.c">
      <Filter>Source Files</Filter>
    </ClCompile>
    <ClCompile Include="..\ASN_Structures\TotalCharge.c">
      <Filter>Source Files</Filter>
    </ClCompile>
    <ClCompile Include="..\ASN_Structures\TotalChargeRefund.c">
      <Filter>Source Files</Filter>
    </ClCompile>
    <ClCompile Include="..\ASN_Structures\TotalCommission.c">
      <Filter>Source Files</Filter>
    </ClCompile>
    <ClCompile Include="..\ASN_Structures\TotalCommissionRefund.c">
      <Filter>Source Files</Filter>
    </ClCompile>
    <ClCompile Include="..\ASN_Structures\TotalDataVolume.c">
      <Filter>Source Files</Filter>
    </ClCompile>
    <ClCompile Include="..\ASN_Structures\TotalDiscountRefund.c">
      <Filter>Source Files</Filter>
    </ClCompile>
    <ClCompile Include="..\ASN_Structures\TotalDiscountValue.c">
      <Filter>Source Files</Filter>
    </ClCompile>
    <ClCompile Include="..\ASN_Structures\TotalTaxRefund.c">
      <Filter>Source Files</Filter>
    </ClCompile>
    <ClCompile Include="..\ASN_Structures\TotalTaxValue.c">
      <Filter>Source Files</Filter>
    </ClCompile>
    <ClCompile Include="..\ASN_Structures\TotalTransactionDuration.c">
      <Filter>Source Files</Filter>
    </ClCompile>
    <ClCompile Include="..\ASN_Structures\TrackedCustomerEquipment.c">
      <Filter>Source Files</Filter>
    </ClCompile>
    <ClCompile Include="..\ASN_Structures\TrackedCustomerHomeId.c">
      <Filter>Source Files</Filter>
    </ClCompile>
    <ClCompile Include="..\ASN_Structures\TrackedCustomerHomeIdList.c">
      <Filter>Source Files</Filter>
    </ClCompile>
    <ClCompile Include="..\ASN_Structures\TrackedCustomerIdentification.c">
      <Filter>Source Files</Filter>
    </ClCompile>
    <ClCompile Include="..\ASN_Structures\TrackedCustomerIdList.c">
      <Filter>Source Files</Filter>
    </ClCompile>
    <ClCompile Include="..\ASN_Structures\TrackedCustomerInformation.c">
      <Filter>Source Files</Filter>
    </ClCompile>
    <ClCompile Include="..\ASN_Structures\TrackedCustomerLocation.c">
      <Filter>Source Files</Filter>
    </ClCompile>
    <ClCompile Include="..\ASN_Structures\TrackedCustomerLocList.c">
      <Filter>Source Files</Filter>
    </ClCompile>
    <ClCompile Include="..\ASN_Structures\TrackingCustomerEquipment.c">
      <Filter>Source Files</Filter>
    </ClCompile>
    <ClCompile Include="..\ASN_Structures\TrackingCustomerHomeId.c">
      <Filter>Source Files</Filter>
    </ClCompile>
    <ClCompile Include="..\ASN_Structures\TrackingCustomerHomeIdList.c">
      <Filter>Source Files</Filter>
    </ClCompile>
    <ClCompile Include="..\ASN_Structures\TrackingCustomerIdentification.c">
      <Filter>Source Files</Filter>
    </ClCompile>
    <ClCompile Include="..\ASN_Structures\TrackingCustomerIdList.c">
      <Filter>Source Files</Filter>
    </ClCompile>
    <ClCompile Include="..\ASN_Structures\TrackingCustomerInformation.c">
      <Filter>Source Files</Filter>
    </ClCompile>
    <ClCompile Include="..\ASN_Structures\TrackingCustomerLocation.c">
      <Filter>Source Files</Filter>
    </ClCompile>
    <ClCompile Include="..\ASN_Structures\TrackingCustomerLocList.c">
      <Filter>Source Files</Filter>
    </ClCompile>
    <ClCompile Include="..\ASN_Structures\TrackingFrequency.c">
      <Filter>Source Files</Filter>
    </ClCompile>
    <ClCompile Include="..\ASN_Structures\TrackingPeriod.c">
      <Filter>Source Files</Filter>
    </ClCompile>
    <ClCompile Include="..\ASN_Structures\TransactionAuthCode.c">
      <Filter>Source Files</Filter>
    </ClCompile>
    <ClCompile Include="..\ASN_Structures\TransactionDescriptionSupp.c">
      <Filter>Source Files</Filter>
    </ClCompile>
    <ClCompile Include="..\ASN_Structures\TransactionDetailDescription.c">
      <Filter>Source Files</Filter>
    </ClCompile>
    <ClCompile Include="..\ASN_Structures\TransactionIdentifier.c">
      <Filter>Source Files</Filter>
    </ClCompile>
    <ClCompile Include="..\ASN_Structures\TransactionShortDescription.c">
      <Filter>Source Files</Filter>
    </ClCompile>
    <ClCompile Include="..\ASN_Structures\TransactionStatus.c">
      <Filter>Source Files</Filter>
    </ClCompile>
    <ClCompile Include="..\ASN_Structures\TransferBatch.c">
      <Filter>Source Files</Filter>
    </ClCompile>
    <ClCompile Include="..\ASN_Structures\TransferCutOffTimeStamp.c">
      <Filter>Source Files</Filter>
    </ClCompile>
    <ClCompile Include="..\ASN_Structures\TransparencyIndicator.c">
      <Filter>Source Files</Filter>
    </ClCompile>
    <ClCompile Include="..\ASN_Structures\UserProtocolIndicator.c">
      <Filter>Source Files</Filter>
    </ClCompile>
    <ClCompile Include="..\ASN_Structures\UtcTimeOffset.c">
      <Filter>Source Files</Filter>
    </ClCompile>
    <ClCompile Include="..\ASN_Structures\UtcTimeOffsetCode.c">
      <Filter>Source Files</Filter>
    </ClCompile>
    <ClCompile Include="..\ASN_Structures\UtcTimeOffsetInfo.c">
      <Filter>Source Files</Filter>
    </ClCompile>
    <ClCompile Include="..\ASN_Structures\UtcTimeOffsetInfoList.c">
      <Filter>Source Files</Filter>
    </ClCompile>
    <ClCompile Include="..\ASN_Structures\VerticalAccuracyDelivered.c">
      <Filter>Source Files</Filter>
    </ClCompile>
    <ClCompile Include="..\ASN_Structures\VerticalAccuracyRequested.c">
      <Filter>Source Files</Filter>
    </ClCompile>
    <ClCompile Include="..\ASN_Structures\xer_decoder.c">
      <Filter>Source Files</Filter>
    </ClCompile>
    <ClCompile Include="..\ASN_Structures\xer_encoder.c">
      <Filter>Source Files</Filter>
    </ClCompile>
    <ClCompile Include="..\ASN_Structures\xer_support.c">
      <Filter>Source Files</Filter>
    </ClCompile>
    <ClCompile Include="..\RAP_ASN_Structures\AccountingInfoError.c">
      <Filter>Source Files</Filter>
    </ClCompile>
    <ClCompile Include="..\RAP_ASN_Structures\AckFileAvailableTimeStamp.c">
      <Filter>Source Files</Filter>
    </ClCompile>
    <ClCompile Include="..\RAP_ASN_Structures\AckFileCreationTimeStamp.c">
      <Filter>Source Files</Filter>
    </ClCompile>
    <ClCompile Include="..\RAP_ASN_Structures\Acknowledgement.c">
      <Filter>Source Files</Filter>
    </ClCompile>
    <ClCompile Include="..\RAP_ASN_Structures\AuditControlInfoError.c">
      <Filter>Source Files</Filter>
    </ClCompile>
    <ClCompile Include="..\RAP_ASN_Structures\BatchControlError.c">
      <Filter>Source Files</Filter>
    </ClCompile>
    <ClCompile Include="..\RAP_ASN_Structures\ErrorCode.c">
      <Filter>Source Files</Filter>
    </ClCompile>
    <ClCompile Include="..\RAP_ASN_Structures\ErrorContext.c">
      <Filter>Source Files</Filter>
    </ClCompile>
    <ClCompile Include="..\RAP_ASN_Structures\ErrorContextList.c">
      <Filter>Source Files</Filter>
    </ClCompile>
    <ClCompile Include="..\RAP_ASN_Structures\ErrorDetail.c">
      <Filter>Source Files</Filter>
    </ClCompile>
    <ClCompile Include="..\RAP_ASN_Structures\ErrorDetailList.c">
      <Filter>Source Files</Filter>
    </ClCompile>
    <ClCompile Include="..\RAP_ASN_Structures\FatalReturn.c">
      <Filter>Source Files</Filter>
    </ClCompile>
    <ClCompile Include="..\RAP_ASN_Structures\ItemLevel.c">
      <Filter>Source Files</Filter>
    </ClCompile>
    <ClCompile Include="..\RAP_ASN_Structures\ItemOccurrence.c">
      <Filter>Source Files</Filter>
    </ClCompile>
    <ClCompile Include="..\RAP_ASN_Structures\ItemOffset.c">
      <Filter>Source Files</Filter>
    </ClCompile>
    <ClCompile Include="..\RAP_ASN_Structures\LastSeqNumber.c">
      <Filter>Source Files</Filter>
    </ClCompile>
    <ClCompile Include="..\RAP_ASN_Structures\MessageDescriptionError.c">
      <Filter>Source Files</Filter>
    </ClCompile>
    <ClCompile Include="..\RAP_ASN_Structures\MessageDescriptionInformationDefinition.c">
      <Filter>Source Files</Filter>
    </ClCompile>
    <ClCompile Include="..\RAP_ASN_Structures\MissingReturn.c">
      <Filter>Source Files</Filter>
    </ClCompile>
    <ClCompile Include="..\RAP_ASN_Structures\NetworkInfoError.c">
      <Filter>Source Files</Filter>
    </ClCompile>
    <ClCompile Include="..\RAP_ASN_Structures\NotificationError.c">
      <Filter>Source Files</Filter>
    </ClCompile>
    <ClCompile Include="..\RAP_ASN_Structures\OperatorSpecList.c">
      <Filter>Source Files</Filter>
    </ClCompile>
    <ClCompile Include="..\RAP_ASN_Structures\PathItemId.c">
      <Filter>Source Files</Filter>
    </ClCompile>
    <ClCompile Include="..\RAP_ASN_Structures\RapAuditControlInfo.c">
      <Filter>Source Files</Filter>
    </ClCompile>
    <ClCompile Include="..\RAP_ASN_Structures\RapBatchControlInfo.c">
      <Filter>Source Files</Filter>
    </ClCompile>
    <ClCompile Include="..\RAP_ASN_Structures\RapDataInterChange.c">
      <Filter>Source Files</Filter>
    </ClCompile>
    <ClCompile Include="..\RAP_ASN_Structures\RapFileAvailableTimeStamp.c">
      <Filter>Source Files</Filter>
    </ClCompile>
    <ClCompile Include="..\RAP_ASN_Structures\RapFileCreationTimeStamp.c">
      <Filter>Source Files</Filter>
    </ClCompile>
    <ClCompile Include="..\RAP_ASN_Structures\RapReleaseVersionNumber.c">
      <Filter>Source Files</Filter>
    </ClCompile>
    <ClCompile Include="..\RAP_ASN_Structures\RapSpecificationVersionNumber.c">
      <Filter>Source Files</Filter>
    </ClCompile>
    <ClCompile Include="..\RAP_ASN_Structures\ReturnBatch.c">
      <Filter>Source Files</Filter>
    </ClCompile>
    <ClCompile Include="..\RAP_ASN_Structures\ReturnDetail.c">
      <Filter>Source Files</Filter>
    </ClCompile>
    <ClCompile Include="..\RAP_ASN_Structures\ReturnDetailList.c">
      <Filter>Source Files</Filter>
    </ClCompile>
    <ClCompile Include="..\RAP_ASN_Structures\ReturnDetailsCount.c">
      <Filter>Source Files</Filter>
    </ClCompile>
    <ClCompile Include="..\RAP_ASN_Structures\RoamingPartner.c">
      <Filter>Source Files</Filter>
    </ClCompile>
    <ClCompile Include="..\RAP_ASN_Structures\SevereReturn.c">
      <Filter>Source Files</Filter>
    </ClCompile>
    <ClCompile Include="..\RAP_ASN_Structures\StartMissingSeqNumber.c">
      <Filter>Source Files</Filter>
    </ClCompile>
    <ClCompile Include="..\RAP_ASN_Structures\StopReturn.c">
      <Filter>Source Files</Filter>
    </ClCompile>
    <ClCompile Include="..\RAP_ASN_Structures\TotalSevereReturnTax.c">
      <Filter>Source Files</Filter>
    </ClCompile>
    <ClCompile Include="..\RAP_ASN_Structures\TotalSevereReturnValue.c">
      <Filter>Source Files</Filter>
    </ClCompile>
    <ClCompile Include="..\RAP_ASN_Structures\TransferBatchError.c">
      <Filter>Source Files</Filter>
    </ClCompile>
    <ClCompile Include="..\RAP_ASN_Structures\EndMissingSeqNumber.c">
      <Filter>Source Files</Filter>
    </ClCompile>
    <ClCompile Include="..\..\ConfigContainer.cpp">
      <Filter>Source Files</Filter>
    </ClCompile>
    <ClCompile Include="TAPValidator.cpp">
      <Filter>Source Files</Filter>
    </ClCompile>
    <ClCompile Include="..\TAP3_Writer\gpshare.c">
      <Filter>Source Files</Filter>
    </ClCompile>
    <ClCompile Include="..\TAP3_Writer\ncftpput.c">
      <Filter>Source Files</Filter>
    </ClCompile>
    <ClCompile Include="CallValidator.cpp">
      <Filter>Source Files</Filter>
    </ClCompile>
    <ClCompile Include="RAPFile.cpp">
      <Filter>Source Files</Filter>
    </ClCompile>
    <ClCompile Include="RoamingFileLoader.cpp">
      <Filter>Source Files</Filter>
    </ClCompile>
    <ClCompile Include="TapLoader.cpp">
      <Filter>Source Files</Filter>
    </ClCompile>
  </ItemGroup>
</Project>